{
    "version": 3,
    "terraform_version": "0.11.10",
    "serial": 50,
    "lineage": "60310bf2-8c93-9d0e-77e6-ed7a90d1d12a",
    "modules": [
        {
            "path": [
                "root"
            ],
            "outputs": {},
            "resources": {
                "data.oci_core_images.InstanceImageOCID": {
                    "type": "oci_core_images",
                    "depends_on": [],
                    "primary": {
                        "id": "2019-01-30 18:39:08.038758697 +0000 UTC",
                        "attributes": {
                            "compartment_id": "ocid1.tenancy.oc1..aaaaaaaa3epk7xxnme4cs6r7umreuulyou5poomg2kpd5xd7xykvdcypbzqa",
                            "filter.#": "1",
                            "filter.2575874011.name": "display_name",
                            "filter.2575874011.regex": "true",
                            "filter.2575874011.values.#": "1",
                            "filter.2575874011.values.0": "^.*Oracle[^G]*$",
                            "id": "2019-01-30 18:39:08.038758697 +0000 UTC",
                            "images.#": "3",
                            "images.0.base_image_id": "",
                            "images.0.compartment_id": "",
                            "images.0.create_image_allowed": "true",
                            "images.0.defined_tags.%": "0",
                            "images.0.display_name": "Oracle-Linux-7.6-2019.01.17-0",
                            "images.0.freeform_tags.%": "0",
                            "images.0.id": "ocid1.image.oc1.phx.aaaaaaaadjnj3da72bztpxinmqpih62c2woscbp6l3wjn36by2cvmdhjub6a",
                            "images.0.image_source_details.#": "0",
                            "images.0.instance_id": "",
                            "images.0.launch_mode": "NATIVE",
                            "images.0.launch_options.#": "1",
                            "images.0.launch_options.0.boot_volume_type": "PARAVIRTUALIZED",
                            "images.0.launch_options.0.firmware": "UEFI_64",
                            "images.0.launch_options.0.is_consistent_volume_naming_enabled": "true",
                            "images.0.launch_options.0.is_pv_encryption_in_transit_enabled": "true",
                            "images.0.launch_options.0.network_type": "VFIO",
                            "images.0.launch_options.0.remote_data_volume_type": "PARAVIRTUALIZED",
                            "images.0.operating_system": "Oracle Linux",
                            "images.0.operating_system_version": "7.6",
                            "images.0.size_in_mbs": "47694",
                            "images.0.state": "AVAILABLE",
                            "images.0.time_created": "2019-01-17 22:38:19.595 +0000 UTC",
                            "images.1.base_image_id": "",
                            "images.1.compartment_id": "",
                            "images.1.create_image_allowed": "true",
                            "images.1.defined_tags.%": "0",
                            "images.1.display_name": "Oracle-Linux-7.6-2018.12.19-0",
                            "images.1.freeform_tags.%": "0",
                            "images.1.id": "ocid1.image.oc1.phx.aaaaaaaaklifrcpkhjgszalaoitdshyxbxog3wm5ccol55m2apw3fg3mjndq",
                            "images.1.image_source_details.#": "0",
                            "images.1.instance_id": "",
                            "images.1.launch_mode": "NATIVE",
                            "images.1.launch_options.#": "1",
                            "images.1.launch_options.0.boot_volume_type": "PARAVIRTUALIZED",
                            "images.1.launch_options.0.firmware": "UEFI_64",
                            "images.1.launch_options.0.is_consistent_volume_naming_enabled": "true",
                            "images.1.launch_options.0.is_pv_encryption_in_transit_enabled": "true",
                            "images.1.launch_options.0.network_type": "VFIO",
                            "images.1.launch_options.0.remote_data_volume_type": "PARAVIRTUALIZED",
                            "images.1.operating_system": "Oracle Linux",
                            "images.1.operating_system_version": "7.6",
                            "images.1.size_in_mbs": "47694",
                            "images.1.state": "AVAILABLE",
                            "images.1.time_created": "2018-12-20 22:07:14.455 +0000 UTC",
                            "images.2.base_image_id": "",
                            "images.2.compartment_id": "",
                            "images.2.create_image_allowed": "true",
                            "images.2.defined_tags.%": "0",
                            "images.2.display_name": "Oracle-Linux-7.6-2018.11.19-0",
                            "images.2.freeform_tags.%": "0",
                            "images.2.id": "ocid1.image.oc1.phx.aaaaaaaaaujbtv32uv4mizzbgnjkjlvbeaiqj5sgc6r5umfunebt7qpzdzmq",
                            "images.2.image_source_details.#": "0",
                            "images.2.instance_id": "",
                            "images.2.launch_mode": "NATIVE",
                            "images.2.launch_options.#": "1",
                            "images.2.launch_options.0.boot_volume_type": "PARAVIRTUALIZED",
                            "images.2.launch_options.0.firmware": "UEFI_64",
                            "images.2.launch_options.0.is_consistent_volume_naming_enabled": "true",
                            "images.2.launch_options.0.is_pv_encryption_in_transit_enabled": "true",
                            "images.2.launch_options.0.network_type": "VFIO",
                            "images.2.launch_options.0.remote_data_volume_type": "PARAVIRTUALIZED",
                            "images.2.operating_system": "Oracle Linux",
                            "images.2.operating_system_version": "7.6",
                            "images.2.size_in_mbs": "47694",
                            "images.2.state": "AVAILABLE",
                            "images.2.time_created": "2018-11-19 20:28:10.385 +0000 UTC",
                            "operating_system": "Oracle Linux",
                            "operating_system_version": "7.6"
                        },
                        "meta": {},
                        "tainted": false
                    },
                    "deposed": [],
                    "provider": "provider.oci"
                },
                "data.oci_core_images.WinInstanceImageOCID": {
                    "type": "oci_core_images",
                    "depends_on": [],
                    "primary": {
                        "id": "2019-01-30 18:39:07.608685891 +0000 UTC",
                        "attributes": {
                            "compartment_id": "ocid1.tenancy.oc1..aaaaaaaa3epk7xxnme4cs6r7umreuulyou5poomg2kpd5xd7xykvdcypbzqa",
                            "id": "2019-01-30 18:39:07.608685891 +0000 UTC",
                            "images.#": "6",
                            "images.0.base_image_id": "",
                            "images.0.compartment_id": "",
                            "images.0.create_image_allowed": "true",
                            "images.0.defined_tags.%": "0",
                            "images.0.display_name": "Windows-Server-2012-R2-Standard-Edition-VM-Gen2-2019.01.09-0",
                            "images.0.freeform_tags.%": "0",
                            "images.0.id": "ocid1.image.oc1.phx.aaaaaaaa6m73ry5caeujbc4xhhaydbzixmox2nazltn7y2mlywewp36eux6a",
                            "images.0.image_source_details.#": "0",
                            "images.0.instance_id": "",
                            "images.0.launch_mode": "NATIVE",
                            "images.0.launch_options.#": "1",
                            "images.0.launch_options.0.boot_volume_type": "PARAVIRTUALIZED",
                            "images.0.launch_options.0.firmware": "UEFI_64",
                            "images.0.launch_options.0.is_consistent_volume_naming_enabled": "false",
                            "images.0.launch_options.0.is_pv_encryption_in_transit_enabled": "true",
                            "images.0.launch_options.0.network_type": "VFIO",
                            "images.0.launch_options.0.remote_data_volume_type": "PARAVIRTUALIZED",
                            "images.0.operating_system": "Windows",
                            "images.0.operating_system_version": "Server 2012 R2 Standard",
                            "images.0.size_in_mbs": "262144",
                            "images.0.state": "AVAILABLE",
                            "images.0.time_created": "2019-01-15 00:54:21.994 +0000 UTC",
                            "images.1.base_image_id": "",
                            "images.1.compartment_id": "",
                            "images.1.create_image_allowed": "true",
                            "images.1.defined_tags.%": "0",
                            "images.1.display_name": "Windows-Server-2012-R2-Standard-Edition-VM-Gen2-2018.12.12-0",
                            "images.1.freeform_tags.%": "0",
                            "images.1.id": "ocid1.image.oc1.phx.aaaaaaaarlo3ace3wq34aompwj3u2z2xteonboapg663woz6d2iovarowhja",
                            "images.1.image_source_details.#": "0",
                            "images.1.instance_id": "",
                            "images.1.launch_mode": "NATIVE",
                            "images.1.launch_options.#": "1",
                            "images.1.launch_options.0.boot_volume_type": "PARAVIRTUALIZED",
                            "images.1.launch_options.0.firmware": "UEFI_64",
                            "images.1.launch_options.0.is_consistent_volume_naming_enabled": "false",
                            "images.1.launch_options.0.is_pv_encryption_in_transit_enabled": "true",
                            "images.1.launch_options.0.network_type": "VFIO",
                            "images.1.launch_options.0.remote_data_volume_type": "PARAVIRTUALIZED",
                            "images.1.operating_system": "Windows",
                            "images.1.operating_system_version": "Server 2012 R2 Standard",
                            "images.1.size_in_mbs": "262144",
                            "images.1.state": "AVAILABLE",
                            "images.1.time_created": "2018-12-13 17:53:25.812 +0000 UTC",
                            "images.2.base_image_id": "",
                            "images.2.compartment_id": "",
                            "images.2.create_image_allowed": "true",
                            "images.2.defined_tags.%": "0",
                            "images.2.display_name": "Windows-Server-2012-R2-Standard-Edition-VM-Gen2-2018.11.20-0",
                            "images.2.freeform_tags.%": "0",
                            "images.2.id": "ocid1.image.oc1.phx.aaaaaaaa7sgrx3qdoew5c3wpqm4rnqb446iwdyskwbilbfb7635usjuzqhza",
                            "images.2.image_source_details.#": "0",
                            "images.2.instance_id": "",
                            "images.2.launch_mode": "NATIVE",
                            "images.2.launch_options.#": "1",
                            "images.2.launch_options.0.boot_volume_type": "PARAVIRTUALIZED",
                            "images.2.launch_options.0.firmware": "UEFI_64",
                            "images.2.launch_options.0.is_consistent_volume_naming_enabled": "false",
                            "images.2.launch_options.0.is_pv_encryption_in_transit_enabled": "true",
                            "images.2.launch_options.0.network_type": "VFIO",
                            "images.2.launch_options.0.remote_data_volume_type": "PARAVIRTUALIZED",
                            "images.2.operating_system": "Windows",
                            "images.2.operating_system_version": "Server 2012 R2 Standard",
                            "images.2.size_in_mbs": "262144",
                            "images.2.state": "AVAILABLE",
                            "images.2.time_created": "2018-11-20 16:26:27.006 +0000 UTC",
                            "images.3.base_image_id": "",
                            "images.3.compartment_id": "",
                            "images.3.create_image_allowed": "true",
                            "images.3.defined_tags.%": "0",
                            "images.3.display_name": "Windows-Server-2012-R2-Standard-Edition-VM-2019.01.09-0",
                            "images.3.freeform_tags.%": "0",
                            "images.3.id": "ocid1.image.oc1.phx.aaaaaaaagx6jdry3srjirbwdgj5p2ctnyorasb6hbinyackgcogrgvrqjkqq",
                            "images.3.image_source_details.#": "0",
                            "images.3.instance_id": "",
                            "images.3.launch_mode": "NATIVE",
                            "images.3.launch_options.#": "1",
                            "images.3.launch_options.0.boot_volume_type": "PARAVIRTUALIZED",
                            "images.3.launch_options.0.firmware": "UEFI_64",
                            "images.3.launch_options.0.is_consistent_volume_naming_enabled": "false",
                            "images.3.launch_options.0.is_pv_encryption_in_transit_enabled": "true",
                            "images.3.launch_options.0.network_type": "VFIO",
                            "images.3.launch_options.0.remote_data_volume_type": "PARAVIRTUALIZED",
                            "images.3.operating_system": "Windows",
                            "images.3.operating_system_version": "Server 2012 R2 Standard",
                            "images.3.size_in_mbs": "262144",
                            "images.3.state": "AVAILABLE",
                            "images.3.time_created": "2019-01-15 01:01:18.265 +0000 UTC",
                            "images.4.base_image_id": "",
                            "images.4.compartment_id": "",
                            "images.4.create_image_allowed": "true",
                            "images.4.defined_tags.%": "0",
                            "images.4.display_name": "Windows-Server-2012-R2-Standard-Edition-VM-2018.12.12-0",
                            "images.4.freeform_tags.%": "0",
                            "images.4.id": "ocid1.image.oc1.phx.aaaaaaaap47nklbj2mfh64o5bevq7szjljplkwwpnf5vbs2etpdfnkccuyua",
                            "images.4.image_source_details.#": "0",
                            "images.4.instance_id": "",
                            "images.4.launch_mode": "NATIVE",
                            "images.4.launch_options.#": "1",
                            "images.4.launch_options.0.boot_volume_type": "PARAVIRTUALIZED",
                            "images.4.launch_options.0.firmware": "UEFI_64",
                            "images.4.launch_options.0.is_consistent_volume_naming_enabled": "false",
                            "images.4.launch_options.0.is_pv_encryption_in_transit_enabled": "true",
                            "images.4.launch_options.0.network_type": "VFIO",
                            "images.4.launch_options.0.remote_data_volume_type": "PARAVIRTUALIZED",
                            "images.4.operating_system": "Windows",
                            "images.4.operating_system_version": "Server 2012 R2 Standard",
                            "images.4.size_in_mbs": "262144",
                            "images.4.state": "AVAILABLE",
                            "images.4.time_created": "2018-12-17 15:15:45.976 +0000 UTC",
                            "images.5.base_image_id": "",
                            "images.5.compartment_id": "",
                            "images.5.create_image_allowed": "true",
                            "images.5.defined_tags.%": "0",
                            "images.5.display_name": "Windows-Server-2012-R2-Standard-Edition-VM-2018.11.15-0",
                            "images.5.freeform_tags.%": "0",
                            "images.5.id": "ocid1.image.oc1.phx.aaaaaaaaspuf6oxtmc3hgblwlxkkkduzwam2e3wy6oduywa33m2bbwteella",
                            "images.5.image_source_details.#": "0",
                            "images.5.instance_id": "",
                            "images.5.launch_mode": "NATIVE",
                            "images.5.launch_options.#": "1",
                            "images.5.launch_options.0.boot_volume_type": "PARAVIRTUALIZED",
                            "images.5.launch_options.0.firmware": "UEFI_64",
                            "images.5.launch_options.0.is_consistent_volume_naming_enabled": "false",
                            "images.5.launch_options.0.is_pv_encryption_in_transit_enabled": "true",
                            "images.5.launch_options.0.network_type": "VFIO",
                            "images.5.launch_options.0.remote_data_volume_type": "PARAVIRTUALIZED",
                            "images.5.operating_system": "Windows",
                            "images.5.operating_system_version": "Server 2012 R2 Standard",
                            "images.5.size_in_mbs": "262144",
                            "images.5.state": "AVAILABLE",
                            "images.5.time_created": "2018-11-20 18:50:00.217 +0000 UTC",
                            "operating_system": "Windows",
                            "operating_system_version": "Server 2012 R2 Standard"
                        },
                        "meta": {},
                        "tainted": false
                    },
                    "deposed": [],
                    "provider": "provider.oci"
                },
                "data.oci_core_private_ips.ip_sap_fss_mount_target": {
                    "type": "oci_core_private_ips",
                    "depends_on": [
                        "oci_file_storage_mount_target.fss_sap_mount_target"
                    ],
                    "primary": {
                        "id": "2019-01-30 18:39:57.601157972 +0000 UTC",
                        "attributes": {
                            "filter.#": "1",
                            "filter.2150212595.name": "id",
                            "filter.2150212595.regex": "false",
                            "filter.2150212595.values.#": "1",
                            "filter.2150212595.values.0": "ocid1.privateip.oc1.phx.abyhqljtsecdxmgbm7wansigkgfqoveh54n7rxghrqvq5cb6c5c3a45ie77q",
                            "id": "2019-01-30 18:39:57.601157972 +0000 UTC",
                            "private_ips.#": "1",
                            "private_ips.0.availability_domain": "AkfI:PHX-AD-1",
                            "private_ips.0.compartment_id": "ocid1.compartment.oc1..aaaaaaaadr423xx5p5bz2unkrfwhjk55akp5hopp4lh4icqp5c24ter6qwpa",
                            "private_ips.0.defined_tags.%": "0",
                            "private_ips.0.display_name": "privateip20190130183949",
                            "private_ips.0.freeform_tags.%": "0",
                            "private_ips.0.hostname_label": "",
                            "private_ips.0.id": "ocid1.privateip.oc1.phx.abyhqljtsecdxmgbm7wansigkgfqoveh54n7rxghrqvq5cb6c5c3a45ie77q",
                            "private_ips.0.ip_address": "10.0.4.3",
                            "private_ips.0.is_primary": "false",
                            "private_ips.0.subnet_id": "ocid1.subnet.oc1.phx.aaaaaaaawswkyrahdeukq7x5wwm5c4axqwjpoihk3tsy6xjdv5euphaakbua",
                            "private_ips.0.time_created": "2019-01-30 18:39:49.994 +0000 UTC",
                            "private_ips.0.vnic_id": "ocid1.vnic.oc1.phx.abyhqljtty3koy6tvxfphliu3d77jl3vto56iwgqcl7dx47zhdvcbilihtya",
                            "subnet_id": "ocid1.subnet.oc1.phx.aaaaaaaawswkyrahdeukq7x5wwm5c4axqwjpoihk3tsy6xjdv5euphaakbua"
                        },
                        "meta": {},
                        "tainted": false
                    },
                    "deposed": [],
                    "provider": "provider.oci"
                },
                "data.oci_core_services.svcgtw_services": {
                    "type": "oci_core_services",
                    "depends_on": [],
                    "primary": {
                        "id": "2019-01-30 18:39:07.518270757 +0000 UTC",
                        "attributes": {
                            "filter.#": "1",
                            "filter.2841581091.name": "name",
                            "filter.2841581091.regex": "true",
                            "filter.2841581091.values.#": "1",
                            "filter.2841581091.values.0": ".*Object.*Storage",
                            "id": "2019-01-30 18:39:07.518270757 +0000 UTC",
                            "services.#": "1",
                            "services.0.cidr_block": "oci-phx-objectstorage",
                            "services.0.description": "OCI PHX Object Storage",
                            "services.0.id": "ocid1.service.oc1.phx.aaaaaaaazp7dkucj2vrojgsu54cjgdqu4bn7gyn6zoi2ds6qa5hrrjggzbdq",
                            "services.0.name": "OCI PHX Object Storage"
                        },
                        "meta": {},
                        "tainted": false
                    },
                    "deposed": [],
                    "provider": "provider.oci"
                },
                "data.oci_identity_availability_domains.ADs": {
                    "type": "oci_identity_availability_domains",
                    "depends_on": [],
                    "primary": {
                        "id": "2019-01-30 18:39:07.454071417 +0000 UTC",
                        "attributes": {
                            "availability_domains.#": "3",
                            "availability_domains.0.compartment_id": "ocid1.tenancy.oc1..aaaaaaaa3epk7xxnme4cs6r7umreuulyou5poomg2kpd5xd7xykvdcypbzqa",
                            "availability_domains.0.id": "ocid1.availabilitydomain.oc1..aaaaaaaaupx7ga46w4xbb3fnkoh7rtyumacyb3ek6bw7bt3qff3mgt3mbrlq",
                            "availability_domains.0.name": "AkfI:PHX-AD-1",
                            "availability_domains.1.compartment_id": "ocid1.tenancy.oc1..aaaaaaaa3epk7xxnme4cs6r7umreuulyou5poomg2kpd5xd7xykvdcypbzqa",
                            "availability_domains.1.id": "ocid1.availabilitydomain.oc1..aaaaaaaac7uydq54rcymamzauv5pd23qk2g2vqlrfu5jd3y6i6qxpvvzkf7a",
                            "availability_domains.1.name": "AkfI:PHX-AD-2",
                            "availability_domains.2.compartment_id": "ocid1.tenancy.oc1..aaaaaaaa3epk7xxnme4cs6r7umreuulyou5poomg2kpd5xd7xykvdcypbzqa",
                            "availability_domains.2.id": "ocid1.availabilitydomain.oc1..aaaaaaaakemzo4ywaynz573sk4jpvwuqi7vmcuxajxfv4jjj2pthez3j2hbq",
                            "availability_domains.2.name": "AkfI:PHX-AD-3",
                            "compartment_id": "ocid1.tenancy.oc1..aaaaaaaa3epk7xxnme4cs6r7umreuulyou5poomg2kpd5xd7xykvdcypbzqa",
                            "id": "2019-01-30 18:39:07.454071417 +0000 UTC"
                        },
                        "meta": {},
                        "tainted": false
                    },
                    "deposed": [],
                    "provider": "provider.oci"
                },
                "null_resource.connect_to_bastion_instance": {
                    "type": "null_resource",
                    "depends_on": [
                        "local.sap_fss_mount_target_ip_address",
                        "oci_core_instance.bastion_linux_instances"
                    ],
                    "primary": {
                        "id": "4354143639374098355",
                        "attributes": {
                            "id": "4354143639374098355"
                        },
                        "meta": {},
                        "tainted": false
                    },
                    "deposed": [],
                    "provider": "provider.null"
                },
                "null_resource.connect_to_sap_router": {
                    "type": "null_resource",
                    "depends_on": [
                        "local.sap_fss_mount_target_ip_address",
                        "oci_core_instance.bastion_linux_instances",
                        "oci_core_instance.sap_router_instances"
                    ],
                    "primary": {
                        "id": "8380271630379882744",
                        "attributes": {
                            "id": "8380271630379882744"
                        },
                        "meta": {},
                        "tainted": false
                    },
                    "deposed": [],
                    "provider": "provider.null"
                },
                "null_resource.connect_to_sap_web_dispatcher": {
                    "type": "null_resource",
                    "depends_on": [
                        "local.sap_fss_mount_target_ip_address",
                        "oci_core_instance.bastion_linux_instances",
                        "oci_core_instance.sap_web_dis_instances"
                    ],
                    "primary": {
                        "id": "7803714079261376881",
                        "attributes": {
                            "id": "7803714079261376881"
                        },
                        "meta": {},
                        "tainted": false
                    },
                    "deposed": [],
                    "provider": "provider.null"
                },
                "oci_core_instance.bastion_linux_instances": {
                    "type": "oci_core_instance",
                    "depends_on": [
                        "data.oci_core_images.InstanceImageOCID",
                        "data.oci_identity_availability_domains.ADs",
                        "oci_core_subnet.bastion_public_subnets"
                    ],
                    "primary": {
                        "id": "ocid1.instance.oc1.phx.abyhqljtf7xxhxg5zinf5cxn66p7ch6uqigqsx4ezoit6ehmdygq66wlhnha",
                        "attributes": {
                            "availability_domain": "AkfI:PHX-AD-1",
                            "boot_volume_id": "ocid1.bootvolume.oc1.phx.abyhqljtvlz54behwbtxdhc7bwicmze75j3qqgyagld4wgzvent5uydr743q",
                            "compartment_id": "ocid1.compartment.oc1..aaaaaaaadr423xx5p5bz2unkrfwhjk55akp5hopp4lh4icqp5c24ter6qwpa",
                            "create_vnic_details.#": "1",
                            "create_vnic_details.0.assign_public_ip": "true",
                            "create_vnic_details.0.defined_tags.%": "0",
                            "create_vnic_details.0.display_name": "Bastion-Linux",
                            "create_vnic_details.0.freeform_tags.%": "0",
                            "create_vnic_details.0.hostname_label": "bastion-lnx",
                            "create_vnic_details.0.private_ip": "10.0.1.2",
                            "create_vnic_details.0.skip_source_dest_check": "false",
                            "create_vnic_details.0.subnet_id": "ocid1.subnet.oc1.phx.aaaaaaaatdqdvgml6mfsr4ijm3vdo4qg47gflqjhfe4nmhaxuz6dl62p2roq",
                            "defined_tags.%": "0",
                            "display_name": "Bastion-Linux",
                            "fault_domain": "FAULT-DOMAIN-3",
                            "freeform_tags.%": "0",
                            "hostname_label": "bastion-lnx",
                            "id": "ocid1.instance.oc1.phx.abyhqljtf7xxhxg5zinf5cxn66p7ch6uqigqsx4ezoit6ehmdygq66wlhnha",
                            "image": "ocid1.image.oc1.phx.aaaaaaaadjnj3da72bztpxinmqpih62c2woscbp6l3wjn36by2cvmdhjub6a",
                            "launch_mode": "NATIVE",
                            "launch_options.#": "1",
                            "launch_options.0.boot_volume_type": "PARAVIRTUALIZED",
                            "launch_options.0.firmware": "UEFI_64",
                            "launch_options.0.is_consistent_volume_naming_enabled": "true",
                            "launch_options.0.is_pv_encryption_in_transit_enabled": "true",
                            "launch_options.0.network_type": "VFIO",
                            "launch_options.0.remote_data_volume_type": "PARAVIRTUALIZED",
                            "metadata.%": "1",
                            "metadata.ssh_authorized_keys": "ssh-rsa AAAAB3NzaC1yc2EAAAADAQABAAABAQCw9/BDL/+/UrZR9sQWIajtkvQZ91y7/FVXxY0d5/YJks8NncN+9iimEuLjXa0WXQFJZpVEhqX5XScWBTn0//Re9A1Ru6KCMZhIu8EVdCbOMxs9UGG2hBXw+cBj9mu35TgM73ztA99fTGAOAjcJRdJZRutW1ZORSFRsULP68EqEgzLjFA5bq/c42eF8PaJelo7ETrPJsuon6oefsxb8H8LmwM5CQ7HneP6y1rypUMTi1DKy6OnWsgmXlWnLUWjIHrVPBp02RN9qDJxDF8kOg1fDTthATZGHxzokd2SDsG9vyOevGbiOfHzOUYOuzZqVsfOtordOjaDXx2yoFfl1FvmD pezao@dhcp-amer-vpn-adc-anyconnect-10-154-138-76.vpn.oracle.com",
                            "private_ip": "10.0.1.2",
                            "public_ip": "129.146.131.155",
                            "region": "phx",
                            "shape": "VM.Standard2.1",
                            "source_details.#": "1",
                            "source_details.0.boot_volume_size_in_gbs": "50",
                            "source_details.0.kms_key_id": "",
                            "source_details.0.source_id": "ocid1.image.oc1.phx.aaaaaaaadjnj3da72bztpxinmqpih62c2woscbp6l3wjn36by2cvmdhjub6a",
                            "source_details.0.source_type": "image",
                            "state": "RUNNING",
                            "subnet_id": "ocid1.subnet.oc1.phx.aaaaaaaatdqdvgml6mfsr4ijm3vdo4qg47gflqjhfe4nmhaxuz6dl62p2roq",
                            "time_created": "2019-01-30 18:39:35.185 +0000 UTC",
                            "time_maintenance_reboot_due": ""
                        },
                        "meta": {
                            "e2bfb730-ecaa-11e6-8f88-34363bc7c4c0": {
                                "create": 7200000000000,
                                "delete": 7200000000000,
                                "update": 7200000000000
                            }
                        },
                        "tainted": false
                    },
                    "deposed": [],
                    "provider": "provider.oci"
                },
                "oci_core_instance.db_linux_instances": {
                    "type": "oci_core_instance",
                    "depends_on": [
                        "data.oci_core_images.InstanceImageOCID",
                        "data.oci_identity_availability_domains.ADs",
                        "oci_core_subnet.db_private_subnets"
                    ],
                    "primary": {
                        "id": "ocid1.instance.oc1.phx.abyhqljtxwklarggshejo4djdii5xdtgmozuxqbt6aej5quyuv3cpcf2vhda",
                        "attributes": {
                            "availability_domain": "AkfI:PHX-AD-1",
                            "boot_volume_id": "ocid1.bootvolume.oc1.phx.abyhqljtwbkgarzesc7spvvgjpswysuazksbwgnog3g7z43kmqirysdwqnqa",
                            "compartment_id": "ocid1.compartment.oc1..aaaaaaaadr423xx5p5bz2unkrfwhjk55akp5hopp4lh4icqp5c24ter6qwpa",
                            "create_vnic_details.#": "1",
                            "create_vnic_details.0.assign_public_ip": "false",
                            "create_vnic_details.0.defined_tags.%": "0",
                            "create_vnic_details.0.display_name": "DB-Linux-App-Tier",
                            "create_vnic_details.0.freeform_tags.%": "0",
                            "create_vnic_details.0.hostname_label": "sapdb",
                            "create_vnic_details.0.private_ip": "10.0.3.2",
                            "create_vnic_details.0.skip_source_dest_check": "false",
                            "create_vnic_details.0.subnet_id": "ocid1.subnet.oc1.phx.aaaaaaaa2avc2tkbkkzevofawnqtcgbumpynnvdplt7uzs52gmbo2vx2ispq",
                            "defined_tags.%": "0",
                            "display_name": "DB-Linux-App-Tier",
                            "fault_domain": "FAULT-DOMAIN-2",
                            "freeform_tags.%": "0",
                            "hostname_label": "sapdb",
                            "id": "ocid1.instance.oc1.phx.abyhqljtxwklarggshejo4djdii5xdtgmozuxqbt6aej5quyuv3cpcf2vhda",
                            "image": "ocid1.image.oc1.phx.aaaaaaaadjnj3da72bztpxinmqpih62c2woscbp6l3wjn36by2cvmdhjub6a",
                            "launch_mode": "NATIVE",
                            "launch_options.#": "1",
                            "launch_options.0.boot_volume_type": "ISCSI",
                            "launch_options.0.firmware": "UEFI_64",
                            "launch_options.0.is_consistent_volume_naming_enabled": "true",
                            "launch_options.0.is_pv_encryption_in_transit_enabled": "true",
                            "launch_options.0.network_type": "VFIO",
                            "launch_options.0.remote_data_volume_type": "ISCSI",
                            "metadata.%": "1",
                            "metadata.ssh_authorized_keys": "ssh-rsa AAAAB3NzaC1yc2EAAAADAQABAAABAQCw9/BDL/+/UrZR9sQWIajtkvQZ91y7/FVXxY0d5/YJks8NncN+9iimEuLjXa0WXQFJZpVEhqX5XScWBTn0//Re9A1Ru6KCMZhIu8EVdCbOMxs9UGG2hBXw+cBj9mu35TgM73ztA99fTGAOAjcJRdJZRutW1ZORSFRsULP68EqEgzLjFA5bq/c42eF8PaJelo7ETrPJsuon6oefsxb8H8LmwM5CQ7HneP6y1rypUMTi1DKy6OnWsgmXlWnLUWjIHrVPBp02RN9qDJxDF8kOg1fDTthATZGHxzokd2SDsG9vyOevGbiOfHzOUYOuzZqVsfOtordOjaDXx2yoFfl1FvmD pezao@dhcp-amer-vpn-adc-anyconnect-10-154-138-76.vpn.oracle.com",
                            "private_ip": "10.0.3.2",
                            "public_ip": "",
                            "region": "phx",
                            "shape": "VM.DenseIO2.8",
                            "source_details.#": "1",
                            "source_details.0.boot_volume_size_in_gbs": "500",
                            "source_details.0.kms_key_id": "",
                            "source_details.0.source_id": "ocid1.image.oc1.phx.aaaaaaaadjnj3da72bztpxinmqpih62c2woscbp6l3wjn36by2cvmdhjub6a",
                            "source_details.0.source_type": "image",
                            "state": "RUNNING",
                            "subnet_id": "ocid1.subnet.oc1.phx.aaaaaaaa2avc2tkbkkzevofawnqtcgbumpynnvdplt7uzs52gmbo2vx2ispq",
                            "time_created": "2019-01-30 18:39:40.009 +0000 UTC",
                            "time_maintenance_reboot_due": ""
                        },
                        "meta": {
                            "e2bfb730-ecaa-11e6-8f88-34363bc7c4c0": {
                                "create": 7200000000000,
                                "delete": 7200000000000,
                                "update": 7200000000000
                            }
                        },
                        "tainted": false
                    },
                    "deposed": [],
                    "provider": "provider.oci"
                },
                "oci_core_instance.sap_router_instances": {
                    "type": "oci_core_instance",
                    "depends_on": [
                        "data.oci_core_images.InstanceImageOCID",
                        "data.oci_identity_availability_domains.ADs",
                        "oci_core_subnet.sap_route_private_subnets"
                    ],
                    "primary": {
                        "id": "ocid1.instance.oc1.phx.abyhqljtsgwhsvru2az6f6jlbcjb6itlkakzr64linpz2wqswsivfibto2pa",
                        "attributes": {
                            "availability_domain": "AkfI:PHX-AD-1",
                            "boot_volume_id": "ocid1.bootvolume.oc1.phx.abyhqljtvppq6egq56dcqld5vsdxegyeju4qghvmlzljgpaa5dvtjwvbqsja",
                            "compartment_id": "ocid1.compartment.oc1..aaaaaaaadr423xx5p5bz2unkrfwhjk55akp5hopp4lh4icqp5c24ter6qwpa",
                            "create_vnic_details.#": "1",
                            "create_vnic_details.0.assign_public_ip": "false",
                            "create_vnic_details.0.defined_tags.%": "0",
                            "create_vnic_details.0.display_name": "SAP-Router",
                            "create_vnic_details.0.freeform_tags.%": "0",
                            "create_vnic_details.0.hostname_label": "sap-router",
                            "create_vnic_details.0.private_ip": "10.0.6.2",
                            "create_vnic_details.0.skip_source_dest_check": "false",
                            "create_vnic_details.0.subnet_id": "ocid1.subnet.oc1.phx.aaaaaaaa5nccyi52ve626mosaoomaj7z2uil723vl4ygkygvqp6v2qvcjg2a",
                            "defined_tags.%": "0",
                            "display_name": "SAP-Router",
                            "fault_domain": "FAULT-DOMAIN-3",
                            "freeform_tags.%": "0",
                            "hostname_label": "sap-router",
                            "id": "ocid1.instance.oc1.phx.abyhqljtsgwhsvru2az6f6jlbcjb6itlkakzr64linpz2wqswsivfibto2pa",
                            "image": "ocid1.image.oc1.phx.aaaaaaaadjnj3da72bztpxinmqpih62c2woscbp6l3wjn36by2cvmdhjub6a",
                            "launch_mode": "NATIVE",
                            "launch_options.#": "1",
                            "launch_options.0.boot_volume_type": "PARAVIRTUALIZED",
                            "launch_options.0.firmware": "UEFI_64",
                            "launch_options.0.is_consistent_volume_naming_enabled": "true",
                            "launch_options.0.is_pv_encryption_in_transit_enabled": "true",
                            "launch_options.0.network_type": "VFIO",
                            "launch_options.0.remote_data_volume_type": "PARAVIRTUALIZED",
                            "metadata.%": "1",
                            "metadata.ssh_authorized_keys": "ssh-rsa AAAAB3NzaC1yc2EAAAADAQABAAABAQCw9/BDL/+/UrZR9sQWIajtkvQZ91y7/FVXxY0d5/YJks8NncN+9iimEuLjXa0WXQFJZpVEhqX5XScWBTn0//Re9A1Ru6KCMZhIu8EVdCbOMxs9UGG2hBXw+cBj9mu35TgM73ztA99fTGAOAjcJRdJZRutW1ZORSFRsULP68EqEgzLjFA5bq/c42eF8PaJelo7ETrPJsuon6oefsxb8H8LmwM5CQ7HneP6y1rypUMTi1DKy6OnWsgmXlWnLUWjIHrVPBp02RN9qDJxDF8kOg1fDTthATZGHxzokd2SDsG9vyOevGbiOfHzOUYOuzZqVsfOtordOjaDXx2yoFfl1FvmD pezao@dhcp-amer-vpn-adc-anyconnect-10-154-138-76.vpn.oracle.com",
                            "private_ip": "10.0.6.2",
                            "public_ip": "",
                            "region": "phx",
                            "shape": "VM.Standard2.1",
                            "source_details.#": "1",
                            "source_details.0.boot_volume_size_in_gbs": "300",
                            "source_details.0.kms_key_id": "",
                            "source_details.0.source_id": "ocid1.image.oc1.phx.aaaaaaaadjnj3da72bztpxinmqpih62c2woscbp6l3wjn36by2cvmdhjub6a",
                            "source_details.0.source_type": "image",
                            "state": "RUNNING",
                            "subnet_id": "ocid1.subnet.oc1.phx.aaaaaaaa5nccyi52ve626mosaoomaj7z2uil723vl4ygkygvqp6v2qvcjg2a",
                            "time_created": "2019-01-30 18:39:41.328 +0000 UTC",
                            "time_maintenance_reboot_due": ""
                        },
                        "meta": {
                            "e2bfb730-ecaa-11e6-8f88-34363bc7c4c0": {
                                "create": 7200000000000,
                                "delete": 7200000000000,
                                "update": 7200000000000
                            }
                        },
                        "tainted": false
                    },
                    "deposed": [],
                    "provider": "provider.oci"
                },
                "oci_core_instance.sap_web_dis_instances": {
                    "type": "oci_core_instance",
                    "depends_on": [
                        "data.oci_core_images.InstanceImageOCID",
                        "data.oci_identity_availability_domains.ADs",
                        "oci_core_subnet.sap_web_public_subnets"
                    ],
                    "primary": {
                        "id": "ocid1.instance.oc1.phx.abyhqljtyswyygtslmkuiwzlw7ltfdkfjcdj7fwlolwnbqtqh37ojr2i5g6a",
                        "attributes": {
                            "availability_domain": "AkfI:PHX-AD-1",
                            "boot_volume_id": "ocid1.bootvolume.oc1.phx.abyhqljthugkkw5fw6invl4acpv2ajsghkledxyvjklyriscwqwg4opqbdxq",
                            "compartment_id": "ocid1.compartment.oc1..aaaaaaaadr423xx5p5bz2unkrfwhjk55akp5hopp4lh4icqp5c24ter6qwpa",
                            "create_vnic_details.#": "1",
                            "create_vnic_details.0.assign_public_ip": "true",
                            "create_vnic_details.0.defined_tags.%": "0",
                            "create_vnic_details.0.display_name": "SAP-Web-Dispatcher",
                            "create_vnic_details.0.freeform_tags.%": "0",
                            "create_vnic_details.0.hostname_label": "sap-web-dis",
                            "create_vnic_details.0.private_ip": "10.0.5.2",
                            "create_vnic_details.0.skip_source_dest_check": "false",
                            "create_vnic_details.0.subnet_id": "ocid1.subnet.oc1.phx.aaaaaaaa3w6qld55mtxsrou53vgf3zxxzkdfoet3exfwgw37pj7y2kroow2q",
                            "defined_tags.%": "0",
                            "display_name": "SAP-Web-Dispatcher",
                            "fault_domain": "FAULT-DOMAIN-1",
                            "freeform_tags.%": "0",
                            "hostname_label": "sap-web-dis",
                            "id": "ocid1.instance.oc1.phx.abyhqljtyswyygtslmkuiwzlw7ltfdkfjcdj7fwlolwnbqtqh37ojr2i5g6a",
                            "image": "ocid1.image.oc1.phx.aaaaaaaadjnj3da72bztpxinmqpih62c2woscbp6l3wjn36by2cvmdhjub6a",
                            "launch_mode": "NATIVE",
                            "launch_options.#": "1",
                            "launch_options.0.boot_volume_type": "PARAVIRTUALIZED",
                            "launch_options.0.firmware": "UEFI_64",
                            "launch_options.0.is_consistent_volume_naming_enabled": "true",
                            "launch_options.0.is_pv_encryption_in_transit_enabled": "true",
                            "launch_options.0.network_type": "VFIO",
                            "launch_options.0.remote_data_volume_type": "PARAVIRTUALIZED",
                            "metadata.%": "1",
                            "metadata.ssh_authorized_keys": "ssh-rsa AAAAB3NzaC1yc2EAAAADAQABAAABAQCw9/BDL/+/UrZR9sQWIajtkvQZ91y7/FVXxY0d5/YJks8NncN+9iimEuLjXa0WXQFJZpVEhqX5XScWBTn0//Re9A1Ru6KCMZhIu8EVdCbOMxs9UGG2hBXw+cBj9mu35TgM73ztA99fTGAOAjcJRdJZRutW1ZORSFRsULP68EqEgzLjFA5bq/c42eF8PaJelo7ETrPJsuon6oefsxb8H8LmwM5CQ7HneP6y1rypUMTi1DKy6OnWsgmXlWnLUWjIHrVPBp02RN9qDJxDF8kOg1fDTthATZGHxzokd2SDsG9vyOevGbiOfHzOUYOuzZqVsfOtordOjaDXx2yoFfl1FvmD pezao@dhcp-amer-vpn-adc-anyconnect-10-154-138-76.vpn.oracle.com",
                            "private_ip": "10.0.5.2",
                            "public_ip": "129.146.81.126",
                            "region": "phx",
                            "shape": "VM.Standard2.1",
                            "source_details.#": "1",
                            "source_details.0.boot_volume_size_in_gbs": "300",
                            "source_details.0.kms_key_id": "",
                            "source_details.0.source_id": "ocid1.image.oc1.phx.aaaaaaaadjnj3da72bztpxinmqpih62c2woscbp6l3wjn36by2cvmdhjub6a",
                            "source_details.0.source_type": "image",
                            "state": "RUNNING",
                            "subnet_id": "ocid1.subnet.oc1.phx.aaaaaaaa3w6qld55mtxsrou53vgf3zxxzkdfoet3exfwgw37pj7y2kroow2q",
                            "time_created": "2019-01-30 18:39:39.949 +0000 UTC",
                            "time_maintenance_reboot_due": ""
                        },
                        "meta": {
                            "e2bfb730-ecaa-11e6-8f88-34363bc7c4c0": {
                                "create": 7200000000000,
                                "delete": 7200000000000,
                                "update": 7200000000000
                            }
                        },
                        "tainted": false
                    },
                    "deposed": [],
                    "provider": "provider.oci"
                },
                "oci_core_internet_gateway.igw": {
                    "type": "oci_core_internet_gateway",
                    "depends_on": [
                        "oci_core_virtual_network.vcn"
                    ],
                    "primary": {
                        "id": "ocid1.internetgateway.oc1.phx.aaaaaaaak5t6iecuzraygpnn46ldftaotjjfkullybt5sepvg35ls3g6nmaa",
                        "attributes": {
                            "compartment_id": "ocid1.compartment.oc1..aaaaaaaadr423xx5p5bz2unkrfwhjk55akp5hopp4lh4icqp5c24ter6qwpa",
                            "defined_tags.%": "0",
                            "display_name": "sapigw",
                            "enabled": "true",
                            "freeform_tags.%": "0",
                            "id": "ocid1.internetgateway.oc1.phx.aaaaaaaak5t6iecuzraygpnn46ldftaotjjfkullybt5sepvg35ls3g6nmaa",
                            "state": "AVAILABLE",
                            "time_created": "2019-01-30 18:39:15.398 +0000 UTC",
                            "vcn_id": "ocid1.vcn.oc1.phx.aaaaaaaaxbea2vksy5haifhof6pz6hnropg3tbyt4eus2iaj6qag4sxm22wa"
                        },
                        "meta": {
                            "e2bfb730-ecaa-11e6-8f88-34363bc7c4c0": {
                                "create": 900000000000,
                                "delete": 900000000000,
                                "update": 900000000000
                            }
                        },
                        "tainted": false
                    },
                    "deposed": [],
                    "provider": "provider.oci"
                },
                "oci_core_nat_gateway.natgtw": {
                    "type": "oci_core_nat_gateway",
                    "depends_on": [
                        "oci_core_virtual_network.vcn"
                    ],
                    "primary": {
                        "id": "ocid1.natgateway.oc1.phx.aaaaaaaancscbh7pcwwtyufsc3tmqfd3ve25qw2wgayebnhwp6kbwmcs6rhq",
                        "attributes": {
                            "block_traffic": "false",
                            "compartment_id": "ocid1.compartment.oc1..aaaaaaaadr423xx5p5bz2unkrfwhjk55akp5hopp4lh4icqp5c24ter6qwpa",
                            "defined_tags.%": "0",
                            "display_name": "sapnatgtw",
                            "freeform_tags.%": "0",
                            "id": "ocid1.natgateway.oc1.phx.aaaaaaaancscbh7pcwwtyufsc3tmqfd3ve25qw2wgayebnhwp6kbwmcs6rhq",
                            "nat_ip": "129.146.151.117",
                            "state": "AVAILABLE",
                            "time_created": "2019-01-30 18:39:17.123 +0000 UTC",
                            "vcn_id": "ocid1.vcn.oc1.phx.aaaaaaaaxbea2vksy5haifhof6pz6hnropg3tbyt4eus2iaj6qag4sxm22wa"
                        },
                        "meta": {
                            "e2bfb730-ecaa-11e6-8f88-34363bc7c4c0": {
                                "create": 900000000000,
                                "delete": 900000000000,
                                "update": 900000000000
                            }
                        },
                        "tainted": false
                    },
                    "deposed": [],
                    "provider": "provider.oci"
                },
                "oci_core_route_table.DB_PrivateRT": {
                    "type": "oci_core_route_table",
                    "depends_on": [
                        "data.oci_core_services.svcgtw_services",
                        "oci_core_nat_gateway.natgtw",
                        "oci_core_service_gateway.svcgtw",
                        "oci_core_virtual_network.vcn"
                    ],
                    "primary": {
                        "id": "ocid1.routetable.oc1.phx.aaaaaaaa5jbwoka237xlfh7jsnl3cgaxffgq7bp7qn3vuubjll5ego2bcdba",
                        "attributes": {
                            "compartment_id": "ocid1.compartment.oc1..aaaaaaaadr423xx5p5bz2unkrfwhjk55akp5hopp4lh4icqp5c24ter6qwpa",
                            "defined_tags.%": "0",
                            "display_name": "sap_db_pvrt",
                            "freeform_tags.%": "0",
                            "id": "ocid1.routetable.oc1.phx.aaaaaaaa5jbwoka237xlfh7jsnl3cgaxffgq7bp7qn3vuubjll5ego2bcdba",
                            "route_rules.#": "2",
                            "route_rules.2457080026.cidr_block": "0.0.0.0/0",
                            "route_rules.2457080026.destination": "0.0.0.0/0",
                            "route_rules.2457080026.destination_type": "CIDR_BLOCK",
                            "route_rules.2457080026.network_entity_id": "ocid1.natgateway.oc1.phx.aaaaaaaancscbh7pcwwtyufsc3tmqfd3ve25qw2wgayebnhwp6kbwmcs6rhq",
                            "route_rules.3221799133.cidr_block": "",
                            "route_rules.3221799133.destination": "oci-phx-objectstorage",
                            "route_rules.3221799133.destination_type": "SERVICE_CIDR_BLOCK",
                            "route_rules.3221799133.network_entity_id": "ocid1.servicegateway.oc1.phx.aaaaaaaactc3nkx6z3bp6nqnsgmfrxlo75idwmmthzkfrdrdhdnassgv2o7a",
                            "state": "AVAILABLE",
                            "time_created": "2019-01-30 18:39:25.17 +0000 UTC",
                            "vcn_id": "ocid1.vcn.oc1.phx.aaaaaaaaxbea2vksy5haifhof6pz6hnropg3tbyt4eus2iaj6qag4sxm22wa"
                        },
                        "meta": {
                            "e2bfb730-ecaa-11e6-8f88-34363bc7c4c0": {
                                "create": 900000000000,
                                "delete": 900000000000,
                                "update": 900000000000
                            }
                        },
                        "tainted": false
                    },
                    "deposed": [],
                    "provider": "provider.oci"
                },
                "oci_core_route_table.FSS_PrivateRT": {
                    "type": "oci_core_route_table",
                    "depends_on": [
                        "oci_core_internet_gateway.igw",
                        "oci_core_virtual_network.vcn"
                    ],
                    "primary": {
                        "id": "ocid1.routetable.oc1.phx.aaaaaaaasoj4pue7zvyjvlxllikpoblilozts3r75j6fay7rppk6pwk553pq",
                        "attributes": {
                            "compartment_id": "ocid1.compartment.oc1..aaaaaaaadr423xx5p5bz2unkrfwhjk55akp5hopp4lh4icqp5c24ter6qwpa",
                            "defined_tags.%": "0",
                            "display_name": "sap_fss_pvrt",
                            "freeform_tags.%": "0",
                            "id": "ocid1.routetable.oc1.phx.aaaaaaaasoj4pue7zvyjvlxllikpoblilozts3r75j6fay7rppk6pwk553pq",
                            "route_rules.#": "1",
                            "route_rules.1749845907.cidr_block": "0.0.0.0/0",
                            "route_rules.1749845907.destination": "0.0.0.0/0",
                            "route_rules.1749845907.destination_type": "CIDR_BLOCK",
                            "route_rules.1749845907.network_entity_id": "ocid1.internetgateway.oc1.phx.aaaaaaaak5t6iecuzraygpnn46ldftaotjjfkullybt5sepvg35ls3g6nmaa",
                            "state": "AVAILABLE",
                            "time_created": "2019-01-30 18:39:17.959 +0000 UTC",
                            "vcn_id": "ocid1.vcn.oc1.phx.aaaaaaaaxbea2vksy5haifhof6pz6hnropg3tbyt4eus2iaj6qag4sxm22wa"
                        },
                        "meta": {
                            "e2bfb730-ecaa-11e6-8f88-34363bc7c4c0": {
                                "create": 900000000000,
                                "delete": 900000000000,
                                "update": 900000000000
                            }
                        },
                        "tainted": false
                    },
                    "deposed": [],
                    "provider": "provider.oci"
                },
                "oci_core_route_table.PublicRT": {
                    "type": "oci_core_route_table",
                    "depends_on": [
                        "oci_core_internet_gateway.igw",
                        "oci_core_virtual_network.vcn"
                    ],
                    "primary": {
                        "id": "ocid1.routetable.oc1.phx.aaaaaaaaifyf4ijgxd4ugyc5xkffredyqqg4fo6xnjrryrma5p2y7yzwhhna",
                        "attributes": {
                            "compartment_id": "ocid1.compartment.oc1..aaaaaaaadr423xx5p5bz2unkrfwhjk55akp5hopp4lh4icqp5c24ter6qwpa",
                            "defined_tags.%": "0",
                            "display_name": "sap_pubrt",
                            "freeform_tags.%": "0",
                            "id": "ocid1.routetable.oc1.phx.aaaaaaaaifyf4ijgxd4ugyc5xkffredyqqg4fo6xnjrryrma5p2y7yzwhhna",
                            "route_rules.#": "1",
                            "route_rules.1749845907.cidr_block": "0.0.0.0/0",
                            "route_rules.1749845907.destination": "0.0.0.0/0",
                            "route_rules.1749845907.destination_type": "CIDR_BLOCK",
                            "route_rules.1749845907.network_entity_id": "ocid1.internetgateway.oc1.phx.aaaaaaaak5t6iecuzraygpnn46ldftaotjjfkullybt5sepvg35ls3g6nmaa",
                            "state": "AVAILABLE",
                            "time_created": "2019-01-30 18:39:17.059 +0000 UTC",
                            "vcn_id": "ocid1.vcn.oc1.phx.aaaaaaaaxbea2vksy5haifhof6pz6hnropg3tbyt4eus2iaj6qag4sxm22wa"
                        },
                        "meta": {
                            "e2bfb730-ecaa-11e6-8f88-34363bc7c4c0": {
                                "create": 900000000000,
                                "delete": 900000000000,
                                "update": 900000000000
                            }
                        },
                        "tainted": false
                    },
                    "deposed": [],
                    "provider": "provider.oci"
                },
                "oci_core_route_table.SAP_PrivateRT": {
                    "type": "oci_core_route_table",
                    "depends_on": [
                        "oci_core_nat_gateway.natgtw",
                        "oci_core_virtual_network.vcn"
                    ],
                    "primary": {
                        "id": "ocid1.routetable.oc1.phx.aaaaaaaa54jibpy7mlozi7vapl4sflq76ezhcdoik5gfjyhi7o2thj4v645q",
                        "attributes": {
                            "compartment_id": "ocid1.compartment.oc1..aaaaaaaadr423xx5p5bz2unkrfwhjk55akp5hopp4lh4icqp5c24ter6qwpa",
                            "defined_tags.%": "0",
                            "display_name": "sap_pvrt",
                            "freeform_tags.%": "0",
                            "id": "ocid1.routetable.oc1.phx.aaaaaaaa54jibpy7mlozi7vapl4sflq76ezhcdoik5gfjyhi7o2thj4v645q",
                            "route_rules.#": "1",
                            "route_rules.2457080026.cidr_block": "0.0.0.0/0",
                            "route_rules.2457080026.destination": "0.0.0.0/0",
                            "route_rules.2457080026.destination_type": "CIDR_BLOCK",
                            "route_rules.2457080026.network_entity_id": "ocid1.natgateway.oc1.phx.aaaaaaaancscbh7pcwwtyufsc3tmqfd3ve25qw2wgayebnhwp6kbwmcs6rhq",
                            "state": "AVAILABLE",
                            "time_created": "2019-01-30 18:39:23.152 +0000 UTC",
                            "vcn_id": "ocid1.vcn.oc1.phx.aaaaaaaaxbea2vksy5haifhof6pz6hnropg3tbyt4eus2iaj6qag4sxm22wa"
                        },
                        "meta": {
                            "e2bfb730-ecaa-11e6-8f88-34363bc7c4c0": {
                                "create": 900000000000,
                                "delete": 900000000000,
                                "update": 900000000000
                            }
                        },
                        "tainted": false
                    },
                    "deposed": [],
                    "provider": "provider.oci"
                },
                "oci_core_security_list.BastionSecList": {
                    "type": "oci_core_security_list",
                    "depends_on": [
                        "local.anywhere",
                        "local.ssh_port",
                        "local.tcp_protocol",
                        "local.vnc_port_max",
                        "local.vnc_port_min",
                        "oci_core_virtual_network.vcn"
                    ],
                    "primary": {
                        "id": "ocid1.securitylist.oc1.phx.aaaaaaaapcwq3y64wuwa3ggmjfb2usz3vrq3k4muuyheo4jyzyitfkixeg3a",
                        "attributes": {
                            "compartment_id": "ocid1.compartment.oc1..aaaaaaaadr423xx5p5bz2unkrfwhjk55akp5hopp4lh4icqp5c24ter6qwpa",
                            "defined_tags.%": "0",
                            "display_name": "BastionSecList",
                            "egress_security_rules.#": "1",
                            "egress_security_rules.1420396200.destination": "0.0.0.0/0",
                            "egress_security_rules.1420396200.destination_type": "CIDR_BLOCK",
                            "egress_security_rules.1420396200.icmp_options.#": "0",
                            "egress_security_rules.1420396200.protocol": "6",
                            "egress_security_rules.1420396200.stateless": "false",
                            "egress_security_rules.1420396200.tcp_options.#": "0",
                            "egress_security_rules.1420396200.udp_options.#": "0",
                            "freeform_tags.%": "0",
                            "id": "ocid1.securitylist.oc1.phx.aaaaaaaapcwq3y64wuwa3ggmjfb2usz3vrq3k4muuyheo4jyzyitfkixeg3a",
                            "ingress_security_rules.#": "2",
                            "ingress_security_rules.1064794795.icmp_options.#": "0",
                            "ingress_security_rules.1064794795.protocol": "6",
                            "ingress_security_rules.1064794795.source": "0.0.0.0/0",
                            "ingress_security_rules.1064794795.source_type": "CIDR_BLOCK",
                            "ingress_security_rules.1064794795.stateless": "false",
                            "ingress_security_rules.1064794795.tcp_options.#": "1",
                            "ingress_security_rules.1064794795.tcp_options.0.max": "5902",
                            "ingress_security_rules.1064794795.tcp_options.0.min": "5900",
                            "ingress_security_rules.1064794795.tcp_options.0.source_port_range.#": "0",
                            "ingress_security_rules.1064794795.udp_options.#": "0",
                            "ingress_security_rules.47193274.icmp_options.#": "0",
                            "ingress_security_rules.47193274.protocol": "6",
                            "ingress_security_rules.47193274.source": "0.0.0.0/0",
                            "ingress_security_rules.47193274.source_type": "CIDR_BLOCK",
                            "ingress_security_rules.47193274.stateless": "false",
                            "ingress_security_rules.47193274.tcp_options.#": "1",
                            "ingress_security_rules.47193274.tcp_options.0.max": "22",
                            "ingress_security_rules.47193274.tcp_options.0.min": "22",
                            "ingress_security_rules.47193274.tcp_options.0.source_port_range.#": "0",
                            "ingress_security_rules.47193274.udp_options.#": "0",
                            "state": "AVAILABLE",
                            "time_created": "2019-01-30 18:39:11.675 +0000 UTC",
                            "vcn_id": "ocid1.vcn.oc1.phx.aaaaaaaaxbea2vksy5haifhof6pz6hnropg3tbyt4eus2iaj6qag4sxm22wa"
                        },
                        "meta": {
                            "e2bfb730-ecaa-11e6-8f88-34363bc7c4c0": {
                                "create": 900000000000,
                                "delete": 900000000000,
                                "update": 900000000000
                            }
                        },
                        "tainted": false
                    },
                    "deposed": [],
                    "provider": "provider.oci"
                },
                "oci_core_security_list.DBSecList": {
                    "type": "oci_core_security_list",
                    "depends_on": [
                        "local.anywhere",
                        "local.db_port",
                        "local.ssh_port",
                        "local.tcp_protocol",
                        "oci_core_virtual_network.vcn"
                    ],
                    "primary": {
                        "id": "ocid1.securitylist.oc1.phx.aaaaaaaalnlqubzmo2poixahrwhhyuduastlcu6zrz5zhxc4dd723ljrgk2q",
                        "attributes": {
                            "compartment_id": "ocid1.compartment.oc1..aaaaaaaadr423xx5p5bz2unkrfwhjk55akp5hopp4lh4icqp5c24ter6qwpa",
                            "defined_tags.%": "0",
                            "display_name": "DBSecList",
                            "egress_security_rules.#": "1",
                            "egress_security_rules.1420396200.destination": "0.0.0.0/0",
                            "egress_security_rules.1420396200.destination_type": "CIDR_BLOCK",
                            "egress_security_rules.1420396200.icmp_options.#": "0",
                            "egress_security_rules.1420396200.protocol": "6",
                            "egress_security_rules.1420396200.stateless": "false",
                            "egress_security_rules.1420396200.tcp_options.#": "0",
                            "egress_security_rules.1420396200.udp_options.#": "0",
                            "freeform_tags.%": "0",
                            "id": "ocid1.securitylist.oc1.phx.aaaaaaaalnlqubzmo2poixahrwhhyuduastlcu6zrz5zhxc4dd723ljrgk2q",
                            "ingress_security_rules.#": "2",
                            "ingress_security_rules.1408923132.icmp_options.#": "0",
                            "ingress_security_rules.1408923132.protocol": "6",
                            "ingress_security_rules.1408923132.source": "10.0.0.0/16",
                            "ingress_security_rules.1408923132.source_type": "CIDR_BLOCK",
                            "ingress_security_rules.1408923132.stateless": "false",
                            "ingress_security_rules.1408923132.tcp_options.#": "1",
                            "ingress_security_rules.1408923132.tcp_options.0.max": "1521",
                            "ingress_security_rules.1408923132.tcp_options.0.min": "1521",
                            "ingress_security_rules.1408923132.tcp_options.0.source_port_range.#": "0",
                            "ingress_security_rules.1408923132.udp_options.#": "0",
                            "ingress_security_rules.2286144853.icmp_options.#": "0",
                            "ingress_security_rules.2286144853.protocol": "6",
                            "ingress_security_rules.2286144853.source": "10.0.0.0/16",
                            "ingress_security_rules.2286144853.source_type": "CIDR_BLOCK",
                            "ingress_security_rules.2286144853.stateless": "false",
                            "ingress_security_rules.2286144853.tcp_options.#": "1",
                            "ingress_security_rules.2286144853.tcp_options.0.max": "22",
                            "ingress_security_rules.2286144853.tcp_options.0.min": "22",
                            "ingress_security_rules.2286144853.tcp_options.0.source_port_range.#": "0",
                            "ingress_security_rules.2286144853.udp_options.#": "0",
                            "state": "AVAILABLE",
                            "time_created": "2019-01-30 18:39:18.472 +0000 UTC",
                            "vcn_id": "ocid1.vcn.oc1.phx.aaaaaaaaxbea2vksy5haifhof6pz6hnropg3tbyt4eus2iaj6qag4sxm22wa"
                        },
                        "meta": {
                            "e2bfb730-ecaa-11e6-8f88-34363bc7c4c0": {
                                "create": 900000000000,
                                "delete": 900000000000,
                                "update": 900000000000
                            }
                        },
                        "tainted": false
                    },
                    "deposed": [],
                    "provider": "provider.oci"
                },
                "oci_core_security_list.FSS_AppSecList": {
                    "type": "oci_core_security_list",
                    "depends_on": [
                        "local.anywhere",
                        "local.fss_ports",
                        "local.tcp_protocol",
                        "local.udp_protocol",
                        "oci_core_virtual_network.vcn"
                    ],
                    "primary": {
                        "id": "ocid1.securitylist.oc1.phx.aaaaaaaalsleyq266utqthcenvohryls4qnviccfsjhrob2niljia4wqaaua",
                        "attributes": {
                            "compartment_id": "ocid1.compartment.oc1..aaaaaaaadr423xx5p5bz2unkrfwhjk55akp5hopp4lh4icqp5c24ter6qwpa",
                            "defined_tags.%": "0",
                            "display_name": "FSSSecList",
                            "egress_security_rules.#": "1",
                            "egress_security_rules.1420396200.destination": "0.0.0.0/0",
                            "egress_security_rules.1420396200.destination_type": "CIDR_BLOCK",
                            "egress_security_rules.1420396200.icmp_options.#": "0",
                            "egress_security_rules.1420396200.protocol": "6",
                            "egress_security_rules.1420396200.stateless": "false",
                            "egress_security_rules.1420396200.tcp_options.#": "0",
                            "egress_security_rules.1420396200.udp_options.#": "0",
                            "freeform_tags.%": "0",
                            "id": "ocid1.securitylist.oc1.phx.aaaaaaaalsleyq266utqthcenvohryls4qnviccfsjhrob2niljia4wqaaua",
                            "ingress_security_rules.#": "4",
                            "ingress_security_rules.130926273.icmp_options.#": "0",
                            "ingress_security_rules.130926273.protocol": "17",
                            "ingress_security_rules.130926273.source": "10.0.0.0/16",
                            "ingress_security_rules.130926273.source_type": "CIDR_BLOCK",
                            "ingress_security_rules.130926273.stateless": "false",
                            "ingress_security_rules.130926273.tcp_options.#": "0",
                            "ingress_security_rules.130926273.udp_options.#": "1",
                            "ingress_security_rules.130926273.udp_options.0.max": "2048",
                            "ingress_security_rules.130926273.udp_options.0.min": "2048",
                            "ingress_security_rules.130926273.udp_options.0.source_port_range.#": "0",
                            "ingress_security_rules.3456695376.icmp_options.#": "0",
                            "ingress_security_rules.3456695376.protocol": "6",
                            "ingress_security_rules.3456695376.source": "10.0.0.0/16",
                            "ingress_security_rules.3456695376.source_type": "CIDR_BLOCK",
                            "ingress_security_rules.3456695376.stateless": "false",
                            "ingress_security_rules.3456695376.tcp_options.#": "1",
                            "ingress_security_rules.3456695376.tcp_options.0.max": "111",
                            "ingress_security_rules.3456695376.tcp_options.0.min": "111",
                            "ingress_security_rules.3456695376.tcp_options.0.source_port_range.#": "0",
                            "ingress_security_rules.3456695376.udp_options.#": "0",
                            "ingress_security_rules.3625285982.icmp_options.#": "0",
                            "ingress_security_rules.3625285982.protocol": "17",
                            "ingress_security_rules.3625285982.source": "10.0.0.0/16",
                            "ingress_security_rules.3625285982.source_type": "CIDR_BLOCK",
                            "ingress_security_rules.3625285982.stateless": "false",
                            "ingress_security_rules.3625285982.tcp_options.#": "0",
                            "ingress_security_rules.3625285982.udp_options.#": "1",
                            "ingress_security_rules.3625285982.udp_options.0.max": "111",
                            "ingress_security_rules.3625285982.udp_options.0.min": "111",
                            "ingress_security_rules.3625285982.udp_options.0.source_port_range.#": "0",
                            "ingress_security_rules.4225352708.icmp_options.#": "0",
                            "ingress_security_rules.4225352708.protocol": "6",
                            "ingress_security_rules.4225352708.source": "10.0.0.0/16",
                            "ingress_security_rules.4225352708.source_type": "CIDR_BLOCK",
                            "ingress_security_rules.4225352708.stateless": "false",
                            "ingress_security_rules.4225352708.tcp_options.#": "1",
                            "ingress_security_rules.4225352708.tcp_options.0.max": "2050",
                            "ingress_security_rules.4225352708.tcp_options.0.min": "2048",
                            "ingress_security_rules.4225352708.tcp_options.0.source_port_range.#": "0",
                            "ingress_security_rules.4225352708.udp_options.#": "0",
                            "state": "AVAILABLE",
                            "time_created": "2019-01-30 18:39:11.706 +0000 UTC",
                            "vcn_id": "ocid1.vcn.oc1.phx.aaaaaaaaxbea2vksy5haifhof6pz6hnropg3tbyt4eus2iaj6qag4sxm22wa"
                        },
                        "meta": {
                            "e2bfb730-ecaa-11e6-8f88-34363bc7c4c0": {
                                "create": 900000000000,
                                "delete": 900000000000,
                                "update": 900000000000
                            }
                        },
                        "tainted": false
                    },
                    "deposed": [],
                    "provider": "provider.oci"
                },
                "oci_core_security_list.LB_SecList": {
                    "type": "oci_core_security_list",
                    "depends_on": [
                        "oci_core_virtual_network.vcn"
                    ],
                    "primary": {
                        "id": "ocid1.securitylist.oc1.phx.aaaaaaaayfkyw6w7bambosegh54ssggbem53ry2gz356rvi4yxy5v6vmfo2q",
                        "attributes": {
                            "compartment_id": "ocid1.compartment.oc1..aaaaaaaadr423xx5p5bz2unkrfwhjk55akp5hopp4lh4icqp5c24ter6qwpa",
                            "defined_tags.%": "0",
                            "display_name": "LB_SecList",
                            "egress_security_rules.#": "1",
                            "egress_security_rules.1582479153.destination": "0.0.0.0/0",
                            "egress_security_rules.1582479153.destination_type": "CIDR_BLOCK",
                            "egress_security_rules.1582479153.icmp_options.#": "0",
                            "egress_security_rules.1582479153.protocol": "all",
                            "egress_security_rules.1582479153.stateless": "false",
                            "egress_security_rules.1582479153.tcp_options.#": "0",
                            "egress_security_rules.1582479153.udp_options.#": "0",
                            "freeform_tags.%": "0",
                            "id": "ocid1.securitylist.oc1.phx.aaaaaaaayfkyw6w7bambosegh54ssggbem53ry2gz356rvi4yxy5v6vmfo2q",
                            "ingress_security_rules.#": "1",
                            "ingress_security_rules.3861548008.icmp_options.#": "0",
                            "ingress_security_rules.3861548008.protocol": "6",
                            "ingress_security_rules.3861548008.source": "0.0.0.0/0",
                            "ingress_security_rules.3861548008.source_type": "CIDR_BLOCK",
                            "ingress_security_rules.3861548008.stateless": "false",
                            "ingress_security_rules.3861548008.tcp_options.#": "1",
                            "ingress_security_rules.3861548008.tcp_options.0.max": "80",
                            "ingress_security_rules.3861548008.tcp_options.0.min": "80",
                            "ingress_security_rules.3861548008.tcp_options.0.source_port_range.#": "0",
                            "ingress_security_rules.3861548008.udp_options.#": "0",
                            "state": "AVAILABLE",
                            "time_created": "2019-01-30 18:39:11.693 +0000 UTC",
                            "vcn_id": "ocid1.vcn.oc1.phx.aaaaaaaaxbea2vksy5haifhof6pz6hnropg3tbyt4eus2iaj6qag4sxm22wa"
                        },
                        "meta": {
                            "e2bfb730-ecaa-11e6-8f88-34363bc7c4c0": {
                                "create": 900000000000,
                                "delete": 900000000000,
                                "update": 900000000000
                            }
                        },
                        "tainted": false
                    },
                    "deposed": [],
                    "provider": "provider.oci"
                },
                "oci_core_security_list.SAP_AppSecList": {
                    "type": "oci_core_security_list",
                    "depends_on": [
                        "local.anywhere",
                        "local.sap_dispatcher_max",
                        "local.sap_dispatcher_min",
                        "local.ssh_port",
                        "local.tcp_protocol",
                        "oci_core_virtual_network.vcn"
                    ],
                    "primary": {
                        "id": "ocid1.securitylist.oc1.phx.aaaaaaaa4il4vfw3l7rgrv76p7fjgnoaghwgni6l43srxlt2eidvry6eab3a",
                        "attributes": {
                            "compartment_id": "ocid1.compartment.oc1..aaaaaaaadr423xx5p5bz2unkrfwhjk55akp5hopp4lh4icqp5c24ter6qwpa",
                            "defined_tags.%": "0",
                            "display_name": "SAPSecList",
                            "egress_security_rules.#": "1",
                            "egress_security_rules.1420396200.destination": "0.0.0.0/0",
                            "egress_security_rules.1420396200.destination_type": "CIDR_BLOCK",
                            "egress_security_rules.1420396200.icmp_options.#": "0",
                            "egress_security_rules.1420396200.protocol": "6",
                            "egress_security_rules.1420396200.stateless": "false",
                            "egress_security_rules.1420396200.tcp_options.#": "0",
                            "egress_security_rules.1420396200.udp_options.#": "0",
                            "freeform_tags.%": "0",
                            "id": "ocid1.securitylist.oc1.phx.aaaaaaaa4il4vfw3l7rgrv76p7fjgnoaghwgni6l43srxlt2eidvry6eab3a",
                            "ingress_security_rules.#": "2",
                            "ingress_security_rules.2286144853.icmp_options.#": "0",
                            "ingress_security_rules.2286144853.protocol": "6",
                            "ingress_security_rules.2286144853.source": "10.0.0.0/16",
                            "ingress_security_rules.2286144853.source_type": "CIDR_BLOCK",
                            "ingress_security_rules.2286144853.stateless": "false",
                            "ingress_security_rules.2286144853.tcp_options.#": "1",
                            "ingress_security_rules.2286144853.tcp_options.0.max": "22",
                            "ingress_security_rules.2286144853.tcp_options.0.min": "22",
                            "ingress_security_rules.2286144853.tcp_options.0.source_port_range.#": "0",
                            "ingress_security_rules.2286144853.udp_options.#": "0",
                            "ingress_security_rules.2690847951.icmp_options.#": "0",
                            "ingress_security_rules.2690847951.protocol": "6",
                            "ingress_security_rules.2690847951.source": "10.0.0.0/16",
                            "ingress_security_rules.2690847951.source_type": "CIDR_BLOCK",
                            "ingress_security_rules.2690847951.stateless": "false",
                            "ingress_security_rules.2690847951.tcp_options.#": "1",
                            "ingress_security_rules.2690847951.tcp_options.0.max": "3299",
                            "ingress_security_rules.2690847951.tcp_options.0.min": "3200",
                            "ingress_security_rules.2690847951.tcp_options.0.source_port_range.#": "0",
                            "ingress_security_rules.2690847951.udp_options.#": "0",
                            "state": "AVAILABLE",
                            "time_created": "2019-01-30 18:39:16.409 +0000 UTC",
                            "vcn_id": "ocid1.vcn.oc1.phx.aaaaaaaaxbea2vksy5haifhof6pz6hnropg3tbyt4eus2iaj6qag4sxm22wa"
                        },
                        "meta": {
                            "e2bfb730-ecaa-11e6-8f88-34363bc7c4c0": {
                                "create": 900000000000,
                                "delete": 900000000000,
                                "update": 900000000000
                            }
                        },
                        "tainted": false
                    },
                    "deposed": [],
                    "provider": "provider.oci"
                },
                "oci_core_security_list.SAP_RouterSecList": {
                    "type": "oci_core_security_list",
                    "depends_on": [
                        "local.anywhere",
                        "local.sap_dispatcher_max",
                        "local.sap_dispatcher_min",
                        "local.ssh_port",
                        "local.tcp_protocol",
                        "oci_core_virtual_network.vcn"
                    ],
                    "primary": {
                        "id": "ocid1.securitylist.oc1.phx.aaaaaaaav5ilunhawwe4h7ku5eceglroocepkt6uz6ug4a2jjdn4txysql4a",
                        "attributes": {
                            "compartment_id": "ocid1.compartment.oc1..aaaaaaaadr423xx5p5bz2unkrfwhjk55akp5hopp4lh4icqp5c24ter6qwpa",
                            "defined_tags.%": "0",
                            "display_name": "SAP_RouterSecList",
                            "egress_security_rules.#": "1",
                            "egress_security_rules.1420396200.destination": "0.0.0.0/0",
                            "egress_security_rules.1420396200.destination_type": "CIDR_BLOCK",
                            "egress_security_rules.1420396200.icmp_options.#": "0",
                            "egress_security_rules.1420396200.protocol": "6",
                            "egress_security_rules.1420396200.stateless": "false",
                            "egress_security_rules.1420396200.tcp_options.#": "0",
                            "egress_security_rules.1420396200.udp_options.#": "0",
                            "freeform_tags.%": "0",
                            "id": "ocid1.securitylist.oc1.phx.aaaaaaaav5ilunhawwe4h7ku5eceglroocepkt6uz6ug4a2jjdn4txysql4a",
                            "ingress_security_rules.#": "2",
                            "ingress_security_rules.2286144853.icmp_options.#": "0",
                            "ingress_security_rules.2286144853.protocol": "6",
                            "ingress_security_rules.2286144853.source": "10.0.0.0/16",
                            "ingress_security_rules.2286144853.source_type": "CIDR_BLOCK",
                            "ingress_security_rules.2286144853.stateless": "false",
                            "ingress_security_rules.2286144853.tcp_options.#": "1",
                            "ingress_security_rules.2286144853.tcp_options.0.max": "22",
                            "ingress_security_rules.2286144853.tcp_options.0.min": "22",
                            "ingress_security_rules.2286144853.tcp_options.0.source_port_range.#": "0",
                            "ingress_security_rules.2286144853.udp_options.#": "0",
                            "ingress_security_rules.2690847951.icmp_options.#": "0",
                            "ingress_security_rules.2690847951.protocol": "6",
                            "ingress_security_rules.2690847951.source": "10.0.0.0/16",
                            "ingress_security_rules.2690847951.source_type": "CIDR_BLOCK",
                            "ingress_security_rules.2690847951.stateless": "false",
                            "ingress_security_rules.2690847951.tcp_options.#": "1",
                            "ingress_security_rules.2690847951.tcp_options.0.max": "3299",
                            "ingress_security_rules.2690847951.tcp_options.0.min": "3200",
                            "ingress_security_rules.2690847951.tcp_options.0.source_port_range.#": "0",
                            "ingress_security_rules.2690847951.udp_options.#": "0",
                            "state": "AVAILABLE",
                            "time_created": "2019-01-30 18:39:17.677 +0000 UTC",
                            "vcn_id": "ocid1.vcn.oc1.phx.aaaaaaaaxbea2vksy5haifhof6pz6hnropg3tbyt4eus2iaj6qag4sxm22wa"
                        },
                        "meta": {
                            "e2bfb730-ecaa-11e6-8f88-34363bc7c4c0": {
                                "create": 900000000000,
                                "delete": 900000000000,
                                "update": 900000000000
                            }
                        },
                        "tainted": false
                    },
                    "deposed": [],
                    "provider": "provider.oci"
                },
                "oci_core_security_list.SAP_WebSecList": {
                    "type": "oci_core_security_list",
                    "depends_on": [
                        "local.anywhere",
                        "local.http_port",
                        "local.https_port",
                        "local.ssh_port",
                        "local.tcp_protocol",
                        "oci_core_virtual_network.vcn"
                    ],
                    "primary": {
                        "id": "ocid1.securitylist.oc1.phx.aaaaaaaaaiuppck5i6zbusjbeycagqpukozglgfzi3vnsclghylmaw5thwxq",
                        "attributes": {
                            "compartment_id": "ocid1.compartment.oc1..aaaaaaaadr423xx5p5bz2unkrfwhjk55akp5hopp4lh4icqp5c24ter6qwpa",
                            "defined_tags.%": "0",
                            "display_name": "SAP_WebSecList",
                            "egress_security_rules.#": "1",
                            "egress_security_rules.1420396200.destination": "0.0.0.0/0",
                            "egress_security_rules.1420396200.destination_type": "CIDR_BLOCK",
                            "egress_security_rules.1420396200.icmp_options.#": "0",
                            "egress_security_rules.1420396200.protocol": "6",
                            "egress_security_rules.1420396200.stateless": "false",
                            "egress_security_rules.1420396200.tcp_options.#": "0",
                            "egress_security_rules.1420396200.udp_options.#": "0",
                            "freeform_tags.%": "0",
                            "id": "ocid1.securitylist.oc1.phx.aaaaaaaaaiuppck5i6zbusjbeycagqpukozglgfzi3vnsclghylmaw5thwxq",
                            "ingress_security_rules.#": "3",
                            "ingress_security_rules.1824086535.icmp_options.#": "0",
                            "ingress_security_rules.1824086535.protocol": "6",
                            "ingress_security_rules.1824086535.source": "10.0.0.0/16",
                            "ingress_security_rules.1824086535.source_type": "CIDR_BLOCK",
                            "ingress_security_rules.1824086535.stateless": "false",
                            "ingress_security_rules.1824086535.tcp_options.#": "1",
                            "ingress_security_rules.1824086535.tcp_options.0.max": "80",
                            "ingress_security_rules.1824086535.tcp_options.0.min": "80",
                            "ingress_security_rules.1824086535.tcp_options.0.source_port_range.#": "0",
                            "ingress_security_rules.1824086535.udp_options.#": "0",
                            "ingress_security_rules.2286144853.icmp_options.#": "0",
                            "ingress_security_rules.2286144853.protocol": "6",
                            "ingress_security_rules.2286144853.source": "10.0.0.0/16",
                            "ingress_security_rules.2286144853.source_type": "CIDR_BLOCK",
                            "ingress_security_rules.2286144853.stateless": "false",
                            "ingress_security_rules.2286144853.tcp_options.#": "1",
                            "ingress_security_rules.2286144853.tcp_options.0.max": "22",
                            "ingress_security_rules.2286144853.tcp_options.0.min": "22",
                            "ingress_security_rules.2286144853.tcp_options.0.source_port_range.#": "0",
                            "ingress_security_rules.2286144853.udp_options.#": "0",
                            "ingress_security_rules.2587569347.icmp_options.#": "0",
                            "ingress_security_rules.2587569347.protocol": "6",
                            "ingress_security_rules.2587569347.source": "10.0.0.0/16",
                            "ingress_security_rules.2587569347.source_type": "CIDR_BLOCK",
                            "ingress_security_rules.2587569347.stateless": "false",
                            "ingress_security_rules.2587569347.tcp_options.#": "1",
                            "ingress_security_rules.2587569347.tcp_options.0.max": "443",
                            "ingress_security_rules.2587569347.tcp_options.0.min": "443",
                            "ingress_security_rules.2587569347.tcp_options.0.source_port_range.#": "0",
                            "ingress_security_rules.2587569347.udp_options.#": "0",
                            "state": "AVAILABLE",
                            "time_created": "2019-01-30 18:39:12.778 +0000 UTC",
                            "vcn_id": "ocid1.vcn.oc1.phx.aaaaaaaaxbea2vksy5haifhof6pz6hnropg3tbyt4eus2iaj6qag4sxm22wa"
                        },
                        "meta": {
                            "e2bfb730-ecaa-11e6-8f88-34363bc7c4c0": {
                                "create": 900000000000,
                                "delete": 900000000000,
                                "update": 900000000000
                            }
                        },
                        "tainted": false
                    },
                    "deposed": [],
                    "provider": "provider.oci"
                },
                "oci_core_service_gateway.svcgtw": {
                    "type": "oci_core_service_gateway",
                    "depends_on": [
                        "data.oci_core_services.svcgtw_services",
                        "oci_core_virtual_network.vcn"
                    ],
                    "primary": {
                        "id": "ocid1.servicegateway.oc1.phx.aaaaaaaactc3nkx6z3bp6nqnsgmfrxlo75idwmmthzkfrdrdhdnassgv2o7a",
                        "attributes": {
                            "block_traffic": "false",
                            "compartment_id": "ocid1.compartment.oc1..aaaaaaaadr423xx5p5bz2unkrfwhjk55akp5hopp4lh4icqp5c24ter6qwpa",
                            "defined_tags.%": "0",
                            "display_name": "sapsvcgtw",
                            "freeform_tags.%": "0",
                            "id": "ocid1.servicegateway.oc1.phx.aaaaaaaactc3nkx6z3bp6nqnsgmfrxlo75idwmmthzkfrdrdhdnassgv2o7a",
                            "services.#": "1",
                            "services.744418707.service_id": "ocid1.service.oc1.phx.aaaaaaaazp7dkucj2vrojgsu54cjgdqu4bn7gyn6zoi2ds6qa5hrrjggzbdq",
                            "services.744418707.service_name": "OCI PHX Object Storage",
                            "state": "AVAILABLE",
                            "time_created": "2019-01-30 18:39:15.551 +0000 UTC",
                            "vcn_id": "ocid1.vcn.oc1.phx.aaaaaaaaxbea2vksy5haifhof6pz6hnropg3tbyt4eus2iaj6qag4sxm22wa"
                        },
                        "meta": {
                            "e2bfb730-ecaa-11e6-8f88-34363bc7c4c0": {
                                "create": 900000000000,
                                "delete": 900000000000,
                                "update": 900000000000
                            }
                        },
                        "tainted": false
                    },
                    "deposed": [],
                    "provider": "provider.oci"
                },
                "oci_core_subnet.bastion_public_subnets": {
                    "type": "oci_core_subnet",
                    "depends_on": [
                        "data.oci_identity_availability_domains.ADs",
                        "oci_core_route_table.PublicRT",
                        "oci_core_security_list.BastionSecList",
                        "oci_core_virtual_network.vcn"
                    ],
                    "primary": {
                        "id": "ocid1.subnet.oc1.phx.aaaaaaaatdqdvgml6mfsr4ijm3vdo4qg47gflqjhfe4nmhaxuz6dl62p2roq",
                        "attributes": {
                            "availability_domain": "AkfI:PHX-AD-1",
                            "cidr_block": "10.0.1.0/24",
                            "compartment_id": "ocid1.compartment.oc1..aaaaaaaadr423xx5p5bz2unkrfwhjk55akp5hopp4lh4icqp5c24ter6qwpa",
                            "defined_tags.%": "0",
                            "dhcp_options_id": "ocid1.dhcpoptions.oc1.phx.aaaaaaaayd5sm6f7cvhmhqsaqh25nl5wg2szlzrovwgfwi4t34qhrmn74qta",
                            "display_name": "bastion",
                            "dns_label": "bastion",
                            "freeform_tags.%": "0",
                            "id": "ocid1.subnet.oc1.phx.aaaaaaaatdqdvgml6mfsr4ijm3vdo4qg47gflqjhfe4nmhaxuz6dl62p2roq",
                            "prohibit_public_ip_on_vnic": "false",
                            "route_table_id": "ocid1.routetable.oc1.phx.aaaaaaaaifyf4ijgxd4ugyc5xkffredyqqg4fo6xnjrryrma5p2y7yzwhhna",
                            "security_list_ids.#": "1",
                            "security_list_ids.4134467637": "ocid1.securitylist.oc1.phx.aaaaaaaapcwq3y64wuwa3ggmjfb2usz3vrq3k4muuyheo4jyzyitfkixeg3a",
                            "state": "AVAILABLE",
                            "subnet_domain_name": "bastion.sap.oraclevcn.com",
                            "time_created": "2019-01-30 18:39:26.708 +0000 UTC",
                            "vcn_id": "ocid1.vcn.oc1.phx.aaaaaaaaxbea2vksy5haifhof6pz6hnropg3tbyt4eus2iaj6qag4sxm22wa",
                            "virtual_router_ip": "10.0.1.1",
                            "virtual_router_mac": "00:00:17:33:2E:E0"
                        },
                        "meta": {
                            "e2bfb730-ecaa-11e6-8f88-34363bc7c4c0": {
                                "create": 900000000000,
                                "delete": 900000000000,
                                "update": 900000000000
                            }
                        },
                        "tainted": false
                    },
                    "deposed": [],
                    "provider": "provider.oci"
                },
                "oci_core_subnet.db_private_subnets": {
                    "type": "oci_core_subnet",
                    "depends_on": [
                        "data.oci_identity_availability_domains.ADs",
                        "oci_core_route_table.DB_PrivateRT",
                        "oci_core_security_list.DBSecList",
                        "oci_core_virtual_network.vcn"
                    ],
                    "primary": {
                        "id": "ocid1.subnet.oc1.phx.aaaaaaaa2avc2tkbkkzevofawnqtcgbumpynnvdplt7uzs52gmbo2vx2ispq",
                        "attributes": {
                            "availability_domain": "AkfI:PHX-AD-1",
                            "cidr_block": "10.0.3.0/24",
                            "compartment_id": "ocid1.compartment.oc1..aaaaaaaadr423xx5p5bz2unkrfwhjk55akp5hopp4lh4icqp5c24ter6qwpa",
                            "defined_tags.%": "0",
                            "dhcp_options_id": "ocid1.dhcpoptions.oc1.phx.aaaaaaaayd5sm6f7cvhmhqsaqh25nl5wg2szlzrovwgfwi4t34qhrmn74qta",
                            "display_name": "dbnet",
                            "dns_label": "dbnet",
                            "freeform_tags.%": "0",
                            "id": "ocid1.subnet.oc1.phx.aaaaaaaa2avc2tkbkkzevofawnqtcgbumpynnvdplt7uzs52gmbo2vx2ispq",
                            "prohibit_public_ip_on_vnic": "true",
                            "route_table_id": "ocid1.routetable.oc1.phx.aaaaaaaa5jbwoka237xlfh7jsnl3cgaxffgq7bp7qn3vuubjll5ego2bcdba",
                            "security_list_ids.#": "1",
                            "security_list_ids.779887057": "ocid1.securitylist.oc1.phx.aaaaaaaalnlqubzmo2poixahrwhhyuduastlcu6zrz5zhxc4dd723ljrgk2q",
                            "state": "AVAILABLE",
                            "subnet_domain_name": "dbnet.sap.oraclevcn.com",
                            "time_created": "2019-01-30 18:39:32.439 +0000 UTC",
                            "vcn_id": "ocid1.vcn.oc1.phx.aaaaaaaaxbea2vksy5haifhof6pz6hnropg3tbyt4eus2iaj6qag4sxm22wa",
                            "virtual_router_ip": "10.0.3.1",
                            "virtual_router_mac": "00:00:17:33:2E:E0"
                        },
                        "meta": {
                            "e2bfb730-ecaa-11e6-8f88-34363bc7c4c0": {
                                "create": 900000000000,
                                "delete": 900000000000,
                                "update": 900000000000
                            }
                        },
                        "tainted": false
                    },
                    "deposed": [],
                    "provider": "provider.oci"
                },
                "oci_core_subnet.fss_private_subnets": {
                    "type": "oci_core_subnet",
                    "depends_on": [
                        "data.oci_identity_availability_domains.ADs",
                        "oci_core_route_table.FSS_PrivateRT",
                        "oci_core_security_list.FSS_AppSecList",
                        "oci_core_virtual_network.vcn"
                    ],
                    "primary": {
                        "id": "ocid1.subnet.oc1.phx.aaaaaaaawswkyrahdeukq7x5wwm5c4axqwjpoihk3tsy6xjdv5euphaakbua",
                        "attributes": {
                            "availability_domain": "AkfI:PHX-AD-1",
                            "cidr_block": "10.0.4.0/24",
                            "compartment_id": "ocid1.compartment.oc1..aaaaaaaadr423xx5p5bz2unkrfwhjk55akp5hopp4lh4icqp5c24ter6qwpa",
                            "defined_tags.%": "0",
                            "dhcp_options_id": "ocid1.dhcpoptions.oc1.phx.aaaaaaaayd5sm6f7cvhmhqsaqh25nl5wg2szlzrovwgfwi4t34qhrmn74qta",
                            "display_name": "fssnet",
                            "dns_label": "fssnet",
                            "freeform_tags.%": "0",
                            "id": "ocid1.subnet.oc1.phx.aaaaaaaawswkyrahdeukq7x5wwm5c4axqwjpoihk3tsy6xjdv5euphaakbua",
                            "prohibit_public_ip_on_vnic": "true",
                            "route_table_id": "ocid1.routetable.oc1.phx.aaaaaaaasoj4pue7zvyjvlxllikpoblilozts3r75j6fay7rppk6pwk553pq",
                            "security_list_ids.#": "1",
                            "security_list_ids.283966586": "ocid1.securitylist.oc1.phx.aaaaaaaalsleyq266utqthcenvohryls4qnviccfsjhrob2niljia4wqaaua",
                            "state": "AVAILABLE",
                            "subnet_domain_name": "fssnet.sap.oraclevcn.com",
                            "time_created": "2019-01-30 18:39:31.439 +0000 UTC",
                            "vcn_id": "ocid1.vcn.oc1.phx.aaaaaaaaxbea2vksy5haifhof6pz6hnropg3tbyt4eus2iaj6qag4sxm22wa",
                            "virtual_router_ip": "10.0.4.1",
                            "virtual_router_mac": "00:00:17:33:2E:E0"
                        },
                        "meta": {
                            "e2bfb730-ecaa-11e6-8f88-34363bc7c4c0": {
                                "create": 900000000000,
                                "delete": 900000000000,
                                "update": 900000000000
                            }
                        },
                        "tainted": false
                    },
                    "deposed": [],
                    "provider": "provider.oci"
                },
                "oci_core_subnet.lb_subnet1": {
                    "type": "oci_core_subnet",
                    "depends_on": [
                        "data.oci_identity_availability_domains.ADs",
                        "oci_core_route_table.PublicRT",
                        "oci_core_security_list.LB_SecList",
                        "oci_core_virtual_network.vcn"
                    ],
                    "primary": {
                        "id": "ocid1.subnet.oc1.phx.aaaaaaaabjm6pbodlinutuopmi2fhnp23mzyy44ztg35erbxmvyrkvekl2ya",
                        "attributes": {
                            "availability_domain": "AkfI:PHX-AD-1",
                            "cidr_block": "10.0.7.0/24",
                            "compartment_id": "ocid1.compartment.oc1..aaaaaaaadr423xx5p5bz2unkrfwhjk55akp5hopp4lh4icqp5c24ter6qwpa",
                            "defined_tags.%": "0",
                            "dhcp_options_id": "ocid1.dhcpoptions.oc1.phx.aaaaaaaayd5sm6f7cvhmhqsaqh25nl5wg2szlzrovwgfwi4t34qhrmn74qta",
                            "display_name": "lbsubnet1",
                            "dns_label": "lbsubnet1",
                            "freeform_tags.%": "0",
                            "id": "ocid1.subnet.oc1.phx.aaaaaaaabjm6pbodlinutuopmi2fhnp23mzyy44ztg35erbxmvyrkvekl2ya",
                            "prohibit_public_ip_on_vnic": "false",
                            "route_table_id": "ocid1.routetable.oc1.phx.aaaaaaaaifyf4ijgxd4ugyc5xkffredyqqg4fo6xnjrryrma5p2y7yzwhhna",
                            "security_list_ids.#": "1",
                            "security_list_ids.3366841138": "ocid1.securitylist.oc1.phx.aaaaaaaayfkyw6w7bambosegh54ssggbem53ry2gz356rvi4yxy5v6vmfo2q",
                            "state": "AVAILABLE",
                            "subnet_domain_name": "lbsubnet1.sap.oraclevcn.com",
                            "time_created": "2019-01-30 18:39:19.656 +0000 UTC",
                            "vcn_id": "ocid1.vcn.oc1.phx.aaaaaaaaxbea2vksy5haifhof6pz6hnropg3tbyt4eus2iaj6qag4sxm22wa",
                            "virtual_router_ip": "10.0.7.1",
                            "virtual_router_mac": "00:00:17:33:2E:E0"
                        },
                        "meta": {
                            "e2bfb730-ecaa-11e6-8f88-34363bc7c4c0": {
                                "create": 900000000000,
                                "delete": 900000000000,
                                "update": 900000000000
                            }
                        },
                        "tainted": false
                    },
                    "deposed": [],
                    "provider": "provider.oci"
                },
                "oci_core_subnet.lb_subnet2": {
                    "type": "oci_core_subnet",
                    "depends_on": [
                        "data.oci_identity_availability_domains.ADs",
                        "oci_core_route_table.PublicRT",
                        "oci_core_security_list.LB_SecList",
                        "oci_core_virtual_network.vcn"
                    ],
                    "primary": {
                        "id": "ocid1.subnet.oc1.phx.aaaaaaaakqf7eemjisnwmfkztxyz73bk3togeffzegdun6rguxtkvny653aq",
                        "attributes": {
                            "availability_domain": "AkfI:PHX-AD-2",
                            "cidr_block": "10.0.8.0/24",
                            "compartment_id": "ocid1.compartment.oc1..aaaaaaaadr423xx5p5bz2unkrfwhjk55akp5hopp4lh4icqp5c24ter6qwpa",
                            "defined_tags.%": "0",
                            "dhcp_options_id": "ocid1.dhcpoptions.oc1.phx.aaaaaaaayd5sm6f7cvhmhqsaqh25nl5wg2szlzrovwgfwi4t34qhrmn74qta",
                            "display_name": "lbsubnet2",
                            "dns_label": "lbsubnet2",
                            "freeform_tags.%": "0",
                            "id": "ocid1.subnet.oc1.phx.aaaaaaaakqf7eemjisnwmfkztxyz73bk3togeffzegdun6rguxtkvny653aq",
                            "prohibit_public_ip_on_vnic": "false",
                            "route_table_id": "ocid1.routetable.oc1.phx.aaaaaaaaifyf4ijgxd4ugyc5xkffredyqqg4fo6xnjrryrma5p2y7yzwhhna",
                            "security_list_ids.#": "1",
                            "security_list_ids.3366841138": "ocid1.securitylist.oc1.phx.aaaaaaaayfkyw6w7bambosegh54ssggbem53ry2gz356rvi4yxy5v6vmfo2q",
                            "state": "AVAILABLE",
                            "subnet_domain_name": "lbsubnet2.sap.oraclevcn.com",
                            "time_created": "2019-01-30 18:39:25.246 +0000 UTC",
                            "vcn_id": "ocid1.vcn.oc1.phx.aaaaaaaaxbea2vksy5haifhof6pz6hnropg3tbyt4eus2iaj6qag4sxm22wa",
                            "virtual_router_ip": "10.0.8.1",
                            "virtual_router_mac": "00:00:17:33:2E:E0"
                        },
                        "meta": {
                            "e2bfb730-ecaa-11e6-8f88-34363bc7c4c0": {
                                "create": 900000000000,
                                "delete": 900000000000,
                                "update": 900000000000
                            }
                        },
                        "tainted": false
                    },
                    "deposed": [],
                    "provider": "provider.oci"
                },
                "oci_core_subnet.sap_private_subnets": {
                    "type": "oci_core_subnet",
                    "depends_on": [
                        "data.oci_identity_availability_domains.ADs",
                        "oci_core_route_table.SAP_PrivateRT",
                        "oci_core_security_list.SAP_AppSecList",
                        "oci_core_virtual_network.vcn"
                    ],
                    "primary": {
                        "id": "ocid1.subnet.oc1.phx.aaaaaaaarcchdi2gzrhqhaiuscsapyuvpgkyich4vdxij2dmn6z2vhvqqm3a",
                        "attributes": {
                            "availability_domain": "AkfI:PHX-AD-1",
                            "cidr_block": "10.0.2.0/24",
                            "compartment_id": "ocid1.compartment.oc1..aaaaaaaadr423xx5p5bz2unkrfwhjk55akp5hopp4lh4icqp5c24ter6qwpa",
                            "defined_tags.%": "0",
                            "dhcp_options_id": "ocid1.dhcpoptions.oc1.phx.aaaaaaaayd5sm6f7cvhmhqsaqh25nl5wg2szlzrovwgfwi4t34qhrmn74qta",
                            "display_name": "sapnet",
                            "dns_label": "sapnet",
                            "freeform_tags.%": "0",
                            "id": "ocid1.subnet.oc1.phx.aaaaaaaarcchdi2gzrhqhaiuscsapyuvpgkyich4vdxij2dmn6z2vhvqqm3a",
                            "prohibit_public_ip_on_vnic": "true",
                            "route_table_id": "ocid1.routetable.oc1.phx.aaaaaaaa54jibpy7mlozi7vapl4sflq76ezhcdoik5gfjyhi7o2thj4v645q",
                            "security_list_ids.#": "1",
                            "security_list_ids.3915884189": "ocid1.securitylist.oc1.phx.aaaaaaaa4il4vfw3l7rgrv76p7fjgnoaghwgni6l43srxlt2eidvry6eab3a",
                            "state": "AVAILABLE",
                            "subnet_domain_name": "sapnet.sap.oraclevcn.com",
                            "time_created": "2019-01-30 18:39:33.16 +0000 UTC",
                            "vcn_id": "ocid1.vcn.oc1.phx.aaaaaaaaxbea2vksy5haifhof6pz6hnropg3tbyt4eus2iaj6qag4sxm22wa",
                            "virtual_router_ip": "10.0.2.1",
                            "virtual_router_mac": "00:00:17:33:2E:E0"
                        },
                        "meta": {
                            "e2bfb730-ecaa-11e6-8f88-34363bc7c4c0": {
                                "create": 900000000000,
                                "delete": 900000000000,
                                "update": 900000000000
                            }
                        },
                        "tainted": false
                    },
                    "deposed": [],
                    "provider": "provider.oci"
                },
                "oci_core_subnet.sap_route_private_subnets": {
                    "type": "oci_core_subnet",
                    "depends_on": [
                        "data.oci_identity_availability_domains.ADs",
                        "oci_core_route_table.SAP_PrivateRT",
                        "oci_core_security_list.SAP_RouterSecList",
                        "oci_core_virtual_network.vcn"
                    ],
                    "primary": {
                        "id": "ocid1.subnet.oc1.phx.aaaaaaaa5nccyi52ve626mosaoomaj7z2uil723vl4ygkygvqp6v2qvcjg2a",
                        "attributes": {
                            "availability_domain": "AkfI:PHX-AD-1",
                            "cidr_block": "10.0.6.0/24",
                            "compartment_id": "ocid1.compartment.oc1..aaaaaaaadr423xx5p5bz2unkrfwhjk55akp5hopp4lh4icqp5c24ter6qwpa",
                            "defined_tags.%": "0",
                            "dhcp_options_id": "ocid1.dhcpoptions.oc1.phx.aaaaaaaayd5sm6f7cvhmhqsaqh25nl5wg2szlzrovwgfwi4t34qhrmn74qta",
                            "display_name": "saprouternet",
                            "dns_label": "saprouternet",
                            "freeform_tags.%": "0",
                            "id": "ocid1.subnet.oc1.phx.aaaaaaaa5nccyi52ve626mosaoomaj7z2uil723vl4ygkygvqp6v2qvcjg2a",
                            "prohibit_public_ip_on_vnic": "true",
                            "route_table_id": "ocid1.routetable.oc1.phx.aaaaaaaa54jibpy7mlozi7vapl4sflq76ezhcdoik5gfjyhi7o2thj4v645q",
                            "security_list_ids.#": "1",
                            "security_list_ids.3061923129": "ocid1.securitylist.oc1.phx.aaaaaaaav5ilunhawwe4h7ku5eceglroocepkt6uz6ug4a2jjdn4txysql4a",
                            "state": "AVAILABLE",
                            "subnet_domain_name": "saprouternet.sap.oraclevcn.com",
                            "time_created": "2019-01-30 18:39:34.035 +0000 UTC",
                            "vcn_id": "ocid1.vcn.oc1.phx.aaaaaaaaxbea2vksy5haifhof6pz6hnropg3tbyt4eus2iaj6qag4sxm22wa",
                            "virtual_router_ip": "10.0.6.1",
                            "virtual_router_mac": "00:00:17:33:2E:E0"
                        },
                        "meta": {
                            "e2bfb730-ecaa-11e6-8f88-34363bc7c4c0": {
                                "create": 900000000000,
                                "delete": 900000000000,
                                "update": 900000000000
                            }
                        },
                        "tainted": false
                    },
                    "deposed": [],
                    "provider": "provider.oci"
                },
                "oci_core_subnet.sap_web_public_subnets": {
                    "type": "oci_core_subnet",
                    "depends_on": [
                        "data.oci_identity_availability_domains.ADs",
                        "oci_core_route_table.PublicRT",
                        "oci_core_security_list.SAP_WebSecList",
                        "oci_core_virtual_network.vcn"
                    ],
                    "primary": {
                        "id": "ocid1.subnet.oc1.phx.aaaaaaaa3w6qld55mtxsrou53vgf3zxxzkdfoet3exfwgw37pj7y2kroow2q",
                        "attributes": {
                            "availability_domain": "AkfI:PHX-AD-1",
                            "cidr_block": "10.0.5.0/24",
                            "compartment_id": "ocid1.compartment.oc1..aaaaaaaadr423xx5p5bz2unkrfwhjk55akp5hopp4lh4icqp5c24ter6qwpa",
                            "defined_tags.%": "0",
                            "dhcp_options_id": "ocid1.dhcpoptions.oc1.phx.aaaaaaaayd5sm6f7cvhmhqsaqh25nl5wg2szlzrovwgfwi4t34qhrmn74qta",
                            "display_name": "sapwebnet",
                            "dns_label": "sapwebnet",
                            "freeform_tags.%": "0",
                            "id": "ocid1.subnet.oc1.phx.aaaaaaaa3w6qld55mtxsrou53vgf3zxxzkdfoet3exfwgw37pj7y2kroow2q",
                            "prohibit_public_ip_on_vnic": "false",
                            "route_table_id": "ocid1.routetable.oc1.phx.aaaaaaaaifyf4ijgxd4ugyc5xkffredyqqg4fo6xnjrryrma5p2y7yzwhhna",
                            "security_list_ids.#": "1",
                            "security_list_ids.1912467058": "ocid1.securitylist.oc1.phx.aaaaaaaaaiuppck5i6zbusjbeycagqpukozglgfzi3vnsclghylmaw5thwxq",
                            "state": "AVAILABLE",
                            "subnet_domain_name": "sapwebnet.sap.oraclevcn.com",
                            "time_created": "2019-01-30 18:39:30.779 +0000 UTC",
                            "vcn_id": "ocid1.vcn.oc1.phx.aaaaaaaaxbea2vksy5haifhof6pz6hnropg3tbyt4eus2iaj6qag4sxm22wa",
                            "virtual_router_ip": "10.0.5.1",
                            "virtual_router_mac": "00:00:17:33:2E:E0"
                        },
                        "meta": {
                            "e2bfb730-ecaa-11e6-8f88-34363bc7c4c0": {
                                "create": 900000000000,
                                "delete": 900000000000,
                                "update": 900000000000
                            }
                        },
                        "tainted": false
                    },
                    "deposed": [],
                    "provider": "provider.oci"
                },
                "oci_core_virtual_network.vcn": {
                    "type": "oci_core_virtual_network",
                    "depends_on": [],
                    "primary": {
                        "id": "ocid1.vcn.oc1.phx.aaaaaaaaxbea2vksy5haifhof6pz6hnropg3tbyt4eus2iaj6qag4sxm22wa",
                        "attributes": {
                            "cidr_block": "10.0.0.0/16",
                            "compartment_id": "ocid1.compartment.oc1..aaaaaaaadr423xx5p5bz2unkrfwhjk55akp5hopp4lh4icqp5c24ter6qwpa",
                            "default_dhcp_options_id": "ocid1.dhcpoptions.oc1.phx.aaaaaaaayd5sm6f7cvhmhqsaqh25nl5wg2szlzrovwgfwi4t34qhrmn74qta",
                            "default_route_table_id": "ocid1.routetable.oc1.phx.aaaaaaaajltzizozzfypdhgt44qsphttnigqjemof6yjmtufgdp4srkn3ntq",
                            "default_security_list_id": "ocid1.securitylist.oc1.phx.aaaaaaaah5us5v5f2noetvi6np7rm7ee7xm4uwiyhnfpbxcmzkcm6njxcwdq",
                            "defined_tags.%": "0",
                            "display_name": "sap-vcn",
                            "dns_label": "sap",
                            "freeform_tags.%": "0",
                            "id": "ocid1.vcn.oc1.phx.aaaaaaaaxbea2vksy5haifhof6pz6hnropg3tbyt4eus2iaj6qag4sxm22wa",
                            "state": "AVAILABLE",
                            "time_created": "2019-01-30 18:39:10.472 +0000 UTC",
                            "vcn_domain_name": "sap.oraclevcn.com"
                        },
                        "meta": {
                            "e2bfb730-ecaa-11e6-8f88-34363bc7c4c0": {
                                "create": 900000000000,
                                "delete": 900000000000,
                                "update": 900000000000
                            }
                        },
                        "tainted": false
                    },
                    "deposed": [],
                    "provider": "provider.oci"
                },
                "oci_core_volume.sap_app_block": {
                    "type": "oci_core_volume",
                    "depends_on": [
                        "data.oci_identity_availability_domains.ADs"
                    ],
                    "primary": {
                        "id": "ocid1.volume.oc1.phx.abyhqljtgxfhbs3yfsivxbavmz7bvkx7wyoim7nnqdlfnthburvqtp4xsr4a",
                        "attributes": {
                            "availability_domain": "AkfI:PHX-AD-1",
                            "compartment_id": "ocid1.compartment.oc1..aaaaaaaadr423xx5p5bz2unkrfwhjk55akp5hopp4lh4icqp5c24ter6qwpa",
                            "defined_tags.%": "0",
                            "display_name": "sap_app_bv",
                            "freeform_tags.%": "0",
                            "id": "ocid1.volume.oc1.phx.abyhqljtgxfhbs3yfsivxbavmz7bvkx7wyoim7nnqdlfnthburvqtp4xsr4a",
                            "is_hydrated": "true",
                            "size_in_gbs": "150",
                            "size_in_mbs": "153600",
                            "source_details.#": "0",
                            "state": "AVAILABLE",
                            "time_created": "2019-01-30 18:39:10.437 +0000 UTC"
                        },
                        "meta": {
                            "e2bfb730-ecaa-11e6-8f88-34363bc7c4c0": {
                                "create": 900000000000,
                                "delete": 900000000000,
                                "update": 900000000000
                            }
                        },
                        "tainted": false
                    },
                    "deposed": [],
                    "provider": "provider.oci"
                },
                "oci_core_volume.sap_app_block_swap": {
                    "type": "oci_core_volume",
                    "depends_on": [
                        "data.oci_identity_availability_domains.ADs"
                    ],
                    "primary": {
                        "id": "ocid1.volume.oc1.phx.abyhqljtahnkuwrdt5kst34t5v2bbwvfgjfy3tvgvkxpc4a67vv7q3mey3iq",
                        "attributes": {
                            "availability_domain": "AkfI:PHX-AD-1",
                            "compartment_id": "ocid1.compartment.oc1..aaaaaaaadr423xx5p5bz2unkrfwhjk55akp5hopp4lh4icqp5c24ter6qwpa",
                            "defined_tags.%": "0",
                            "display_name": "sap_app_swap_bv",
                            "freeform_tags.%": "0",
                            "id": "ocid1.volume.oc1.phx.abyhqljtahnkuwrdt5kst34t5v2bbwvfgjfy3tvgvkxpc4a67vv7q3mey3iq",
                            "is_hydrated": "true",
                            "size_in_gbs": "96",
                            "size_in_mbs": "98304",
                            "source_details.#": "0",
                            "state": "AVAILABLE",
                            "time_created": "2019-01-30 18:39:10.587 +0000 UTC"
                        },
                        "meta": {
                            "e2bfb730-ecaa-11e6-8f88-34363bc7c4c0": {
                                "create": 900000000000,
                                "delete": 900000000000,
                                "update": 900000000000
                            }
                        },
                        "tainted": false
                    },
                    "deposed": [],
                    "provider": "provider.oci"
                },
                "oci_core_volume.sap_db_block_swap": {
                    "type": "oci_core_volume",
                    "depends_on": [
                        "data.oci_identity_availability_domains.ADs"
                    ],
                    "primary": {
                        "id": "ocid1.volume.oc1.phx.abyhqljthjztcbw2agkpxgybz6phzdvgfz6lr5rxkuo2v3zdwza3v4yrf63q",
                        "attributes": {
                            "availability_domain": "AkfI:PHX-AD-1",
                            "compartment_id": "ocid1.compartment.oc1..aaaaaaaadr423xx5p5bz2unkrfwhjk55akp5hopp4lh4icqp5c24ter6qwpa",
                            "defined_tags.%": "0",
                            "display_name": "sap_db_swap_bv",
                            "freeform_tags.%": "0",
                            "id": "ocid1.volume.oc1.phx.abyhqljthjztcbw2agkpxgybz6phzdvgfz6lr5rxkuo2v3zdwza3v4yrf63q",
                            "is_hydrated": "true",
                            "size_in_gbs": "96",
                            "size_in_mbs": "98304",
                            "source_details.#": "0",
                            "state": "AVAILABLE",
                            "time_created": "2019-01-30 18:39:11.066 +0000 UTC"
                        },
                        "meta": {
                            "e2bfb730-ecaa-11e6-8f88-34363bc7c4c0": {
                                "create": 900000000000,
                                "delete": 900000000000,
                                "update": 900000000000
                            }
                        },
                        "tainted": false
                    },
                    "deposed": [],
                    "provider": "provider.oci"
                },
                "oci_core_volume_attachment.sap_db_block_attach_swap": {
                    "type": "oci_core_volume_attachment",
                    "depends_on": [
                        "oci_core_instance.bastion_linux_instances",
                        "oci_core_instance.db_linux_instances",
                        "oci_core_volume.sap_db_block_swap"
                    ],
                    "primary": {
                        "id": "ocid1.volumeattachment.oc1.phx.abyhqljtf5bljdrs676urxwljtuifljvnbvarz3ri2pyhgrw76txamp5dmzq",
                        "attributes": {
                            "attachment_type": "iscsi",
                            "availability_domain": "AkfI:PHX-AD-1",
                            "compartment_id": "ocid1.compartment.oc1..aaaaaaaadr423xx5p5bz2unkrfwhjk55akp5hopp4lh4icqp5c24ter6qwpa",
                            "display_name": "volumeattachment20190130184135",
                            "id": "ocid1.volumeattachment.oc1.phx.abyhqljtf5bljdrs676urxwljtuifljvnbvarz3ri2pyhgrw76txamp5dmzq",
                            "instance_id": "ocid1.instance.oc1.phx.abyhqljtxwklarggshejo4djdii5xdtgmozuxqbt6aej5quyuv3cpcf2vhda",
                            "ipv4": "169.254.2.2",
                            "iqn": "iqn.2015-12.com.oracleiaas:01349cca-9d78-4e8d-80eb-2c453bd09c84",
                            "is_pv_encryption_in_transit_enabled": "false",
                            "is_read_only": "false",
                            "port": "3260",
                            "state": "ATTACHED",
                            "time_created": "2019-01-30 18:41:36.06 +0000 UTC",
                            "volume_id": "ocid1.volume.oc1.phx.abyhqljthjztcbw2agkpxgybz6phzdvgfz6lr5rxkuo2v3zdwza3v4yrf63q"
                        },
                        "meta": {
                            "e2bfb730-ecaa-11e6-8f88-34363bc7c4c0": {
                                "create": 900000000000,
                                "delete": 900000000000,
                                "update": 900000000000
                            }
                        },
                        "tainted": false
                    },
                    "deposed": [],
                    "provider": "provider.oci"
                },
                "oci_file_storage_export.export_fss_sap_mnt": {
                    "type": "oci_file_storage_export",
                    "depends_on": [
                        "oci_file_storage_export_set.fss_sap_export_set",
                        "oci_file_storage_file_system.fss_sap_file_system"
                    ],
                    "primary": {
                        "id": "ocid1.export.oc1.phx.aaaaacvippxfwh5gobuhqllqojxwiotqnb4c2ylefuzqaaaa",
                        "attributes": {
                            "export_options.#": "3",
                            "export_options.0.access": "READ_WRITE",
                            "export_options.0.anonymous_gid": "65534",
                            "export_options.0.anonymous_uid": "65534",
                            "export_options.0.identity_squash": "NONE",
                            "export_options.0.require_privileged_source_port": "true",
                            "export_options.0.source": "10.0.2.0/24",
                            "export_options.1.access": "READ_WRITE",
                            "export_options.1.anonymous_gid": "65534",
                            "export_options.1.anonymous_uid": "65534",
                            "export_options.1.identity_squash": "NONE",
                            "export_options.1.require_privileged_source_port": "true",
                            "export_options.1.source": "10.0.1.0/24",
                            "export_options.2.access": "READ_WRITE",
                            "export_options.2.anonymous_gid": "65534",
                            "export_options.2.anonymous_uid": "65534",
                            "export_options.2.identity_squash": "NONE",
                            "export_options.2.require_privileged_source_port": "true",
                            "export_options.2.source": "10.0.3.0/24",
                            "export_set_id": "ocid1.exportset.oc1.phx.aaaaaa4np2sm4fvgobuhqllqojxwiotqnb4c2ylefuzqaaaa",
                            "file_system_id": "ocid1.filesystem.oc1.phx.aaaaaaaaaaaaicfsobuhqllqojxwiotqnb4c2ylefuzqaaaa",
                            "id": "ocid1.export.oc1.phx.aaaaacvippxfwh5gobuhqllqojxwiotqnb4c2ylefuzqaaaa",
                            "path": "/sapmnt",
                            "state": "ACTIVE",
                            "time_created": "2019-01-30 18:39:57.99 +0000 UTC"
                        },
                        "meta": {
                            "e2bfb730-ecaa-11e6-8f88-34363bc7c4c0": {
                                "create": 900000000000,
                                "delete": 900000000000,
                                "update": 900000000000
                            }
                        },
                        "tainted": false
                    },
                    "deposed": [],
                    "provider": "provider.oci"
                },
                "oci_file_storage_export.export_fss_sap_software": {
                    "type": "oci_file_storage_export",
                    "depends_on": [
                        "oci_file_storage_export_set.fss_sap_export_set",
                        "oci_file_storage_file_system.fss_sap_file_system"
                    ],
                    "primary": {
                        "id": "ocid1.export.oc1.phx.aaaaaa4np2sm4fo4obuhqllqojxwiotqnb4c2ylefuzqaaaa",
                        "attributes": {
                            "export_options.#": "5",
                            "export_options.0.access": "READ_WRITE",
                            "export_options.0.anonymous_gid": "65534",
                            "export_options.0.anonymous_uid": "65534",
                            "export_options.0.identity_squash": "NONE",
                            "export_options.0.require_privileged_source_port": "true",
                            "export_options.0.source": "10.0.2.0/24",
                            "export_options.1.access": "READ_WRITE",
                            "export_options.1.anonymous_gid": "65534",
                            "export_options.1.anonymous_uid": "65534",
                            "export_options.1.identity_squash": "NONE",
                            "export_options.1.require_privileged_source_port": "true",
                            "export_options.1.source": "10.0.1.0/24",
                            "export_options.2.access": "READ_WRITE",
                            "export_options.2.anonymous_gid": "65534",
                            "export_options.2.anonymous_uid": "65534",
                            "export_options.2.identity_squash": "NONE",
                            "export_options.2.require_privileged_source_port": "true",
                            "export_options.2.source": "10.0.3.0/24",
                            "export_options.3.access": "READ_WRITE",
                            "export_options.3.anonymous_gid": "65534",
                            "export_options.3.anonymous_uid": "65534",
                            "export_options.3.identity_squash": "NONE",
                            "export_options.3.require_privileged_source_port": "true",
                            "export_options.3.source": "10.0.6.0/24",
                            "export_options.4.access": "READ_WRITE",
                            "export_options.4.anonymous_gid": "65534",
                            "export_options.4.anonymous_uid": "65534",
                            "export_options.4.identity_squash": "NONE",
                            "export_options.4.require_privileged_source_port": "true",
                            "export_options.4.source": "10.0.5.0/24",
                            "export_set_id": "ocid1.exportset.oc1.phx.aaaaaa4np2sm4fvgobuhqllqojxwiotqnb4c2ylefuzqaaaa",
                            "file_system_id": "ocid1.filesystem.oc1.phx.aaaaaaaaaaaaicfsobuhqllqojxwiotqnb4c2ylefuzqaaaa",
                            "id": "ocid1.export.oc1.phx.aaaaaa4np2sm4fo4obuhqllqojxwiotqnb4c2ylefuzqaaaa",
                            "path": "/software",
                            "state": "ACTIVE",
                            "time_created": "2019-01-30 18:39:57.972 +0000 UTC"
                        },
                        "meta": {
                            "e2bfb730-ecaa-11e6-8f88-34363bc7c4c0": {
                                "create": 900000000000,
                                "delete": 900000000000,
                                "update": 900000000000
                            }
                        },
                        "tainted": false
                    },
                    "deposed": [],
                    "provider": "provider.oci"
                },
                "oci_file_storage_export_set.fss_sap_export_set": {
                    "type": "oci_file_storage_export_set",
                    "depends_on": [
                        "oci_file_storage_mount_target.fss_sap_mount_target"
                    ],
                    "primary": {
                        "id": "ocid1.exportset.oc1.phx.aaaaaa4np2sm4fvgobuhqllqojxwiotqnb4c2ylefuzqaaaa",
                        "attributes": {
                            "availability_domain": "AkfI:PHX-AD-1",
                            "compartment_id": "ocid1.compartment.oc1..aaaaaaaadr423xx5p5bz2unkrfwhjk55akp5hopp4lh4icqp5c24ter6qwpa",
                            "display_name": "export set for mount target",
                            "id": "ocid1.exportset.oc1.phx.aaaaaa4np2sm4fvgobuhqllqojxwiotqnb4c2ylefuzqaaaa",
                            "max_fs_stat_bytes": "500843202333",
                            "max_fs_stat_files": "223442",
                            "mount_target_id": "ocid1.mounttarget.oc1.phx.aaaaaa4np2sm4fvhobuhqllqojxwiotqnb4c2ylefuzqaaaa",
                            "state": "ACTIVE",
                            "time_created": "2019-01-30 18:39:38.087 +0000 UTC",
                            "vcn_id": "ocid1.vcn.oc1.phx.aaaaaaaaxbea2vksy5haifhof6pz6hnropg3tbyt4eus2iaj6qag4sxm22wa"
                        },
                        "meta": {
                            "e2bfb730-ecaa-11e6-8f88-34363bc7c4c0": {
                                "create": 900000000000,
                                "delete": 900000000000,
                                "update": 900000000000
                            }
                        },
                        "tainted": false
                    },
                    "deposed": [],
                    "provider": "provider.oci"
                },
                "oci_file_storage_file_system.fss_sap_file_system": {
                    "type": "oci_file_storage_file_system",
                    "depends_on": [
                        "data.oci_identity_availability_domains.ADs"
                    ],
                    "primary": {
                        "id": "ocid1.filesystem.oc1.phx.aaaaaaaaaaaaicfsobuhqllqojxwiotqnb4c2ylefuzqaaaa",
                        "attributes": {
                            "availability_domain": "AkfI:PHX-AD-1",
                            "compartment_id": "ocid1.compartment.oc1..aaaaaaaadr423xx5p5bz2unkrfwhjk55akp5hopp4lh4icqp5c24ter6qwpa",
                            "defined_tags.%": "0",
                            "display_name": "sap_fss",
                            "freeform_tags.%": "0",
                            "id": "ocid1.filesystem.oc1.phx.aaaaaaaaaaaaicfsobuhqllqojxwiotqnb4c2ylefuzqaaaa",
                            "metered_bytes": "0",
                            "state": "ACTIVE",
                            "time_created": "2019-01-30 18:39:10.781 +0000 UTC"
                        },
                        "meta": {
                            "e2bfb730-ecaa-11e6-8f88-34363bc7c4c0": {
                                "create": 900000000000,
                                "delete": 900000000000,
                                "update": 900000000000
                            }
                        },
                        "tainted": false
                    },
                    "deposed": [],
                    "provider": "provider.oci"
                },
                "oci_file_storage_mount_target.fss_sap_mount_target": {
                    "type": "oci_file_storage_mount_target",
                    "depends_on": [
                        "data.oci_identity_availability_domains.ADs",
                        "oci_core_subnet.fss_private_subnets"
                    ],
                    "primary": {
                        "id": "ocid1.mounttarget.oc1.phx.aaaaaa4np2sm4fvhobuhqllqojxwiotqnb4c2ylefuzqaaaa",
                        "attributes": {
                            "availability_domain": "AkfI:PHX-AD-1",
                            "compartment_id": "ocid1.compartment.oc1..aaaaaaaadr423xx5p5bz2unkrfwhjk55akp5hopp4lh4icqp5c24ter6qwpa",
                            "defined_tags.%": "0",
                            "display_name": "sap_fss_mount_target",
                            "export_set_id": "ocid1.exportset.oc1.phx.aaaaaa4np2sm4fvgobuhqllqojxwiotqnb4c2ylefuzqaaaa",
                            "freeform_tags.%": "0",
                            "id": "ocid1.mounttarget.oc1.phx.aaaaaa4np2sm4fvhobuhqllqojxwiotqnb4c2ylefuzqaaaa",
                            "lifecycle_details": "",
                            "private_ip_ids.#": "1",
                            "private_ip_ids.0": "ocid1.privateip.oc1.phx.abyhqljtsecdxmgbm7wansigkgfqoveh54n7rxghrqvq5cb6c5c3a45ie77q",
                            "state": "ACTIVE",
                            "subnet_id": "ocid1.subnet.oc1.phx.aaaaaaaawswkyrahdeukq7x5wwm5c4axqwjpoihk3tsy6xjdv5euphaakbua",
                            "time_created": "2019-01-30 18:39:38.087 +0000 UTC"
                        },
                        "meta": {
                            "e2bfb730-ecaa-11e6-8f88-34363bc7c4c0": {
                                "create": 900000000000,
                                "delete": 900000000000,
                                "update": 900000000000
                            }
                        },
                        "tainted": false
                    },
                    "deposed": [],
                    "provider": "provider.oci"
                },
                "oci_load_balancer.load_balancer": {
                    "type": "oci_load_balancer",
                    "depends_on": [
                        "oci_core_subnet.lb_subnet1",
                        "oci_core_subnet.lb_subnet2"
                    ],
                    "primary": {
                        "id": "ocid1.loadbalancer.oc1.phx.aaaaaaaalvsg3okwkmdexyndsogogllkj5s5paaapod73kucntgezfodx2oa",
                        "attributes": {
                            "compartment_id": "ocid1.compartment.oc1..aaaaaaaadr423xx5p5bz2unkrfwhjk55akp5hopp4lh4icqp5c24ter6qwpa",
                            "defined_tags.%": "0",
                            "display_name": "SAP_Load_Balancer",
                            "freeform_tags.%": "0",
                            "id": "ocid1.loadbalancer.oc1.phx.aaaaaaaalvsg3okwkmdexyndsogogllkj5s5paaapod73kucntgezfodx2oa",
                            "ip_address_details.#": "1",
                            "ip_address_details.0.ip_address": "129.146.209.120",
                            "ip_address_details.0.is_public": "true",
                            "ip_addresses.#": "1",
                            "ip_addresses.0": "129.146.209.120",
                            "is_private": "false",
                            "shape": "100Mbps",
                            "state": "ACTIVE",
                            "subnet_ids.#": "2",
                            "subnet_ids.0": "ocid1.subnet.oc1.phx.aaaaaaaabjm6pbodlinutuopmi2fhnp23mzyy44ztg35erbxmvyrkvekl2ya",
                            "subnet_ids.1": "ocid1.subnet.oc1.phx.aaaaaaaakqf7eemjisnwmfkztxyz73bk3togeffzegdun6rguxtkvny653aq",
                            "time_created": "2019-01-30 18:39:31.925 +0000 UTC"
                        },
                        "meta": {
                            "e2bfb730-ecaa-11e6-8f88-34363bc7c4c0": {
                                "create": 900000000000,
                                "delete": 900000000000,
                                "update": 900000000000
                            }
                        },
                        "tainted": false
                    },
                    "deposed": [],
                    "provider": "provider.oci"
                },
                "oci_load_balancer_backend.lb_backend": {
                    "type": "oci_load_balancer_backend",
                    "depends_on": [
                        "oci_core_instance.sap_web_dis_instances",
                        "oci_load_balancer.load_balancer",
                        "oci_load_balancer_backend_set.lb_backend_set"
                    ],
                    "primary": {
                        "id": "loadBalancers/ocid1.loadbalancer.oc1.phx.aaaaaaaalvsg3okwkmdexyndsogogllkj5s5paaapod73kucntgezfodx2oa/backendSets/web_dispatcher_backend/backends/10.0.5.2:80",
                        "attributes": {
                            "backendset_name": "web_dispatcher_backend",
                            "backup": "false",
                            "drain": "false",
                            "id": "loadBalancers/ocid1.loadbalancer.oc1.phx.aaaaaaaalvsg3okwkmdexyndsogogllkj5s5paaapod73kucntgezfodx2oa/backendSets/web_dispatcher_backend/backends/10.0.5.2:80",
                            "ip_address": "10.0.5.2",
                            "load_balancer_id": "ocid1.loadbalancer.oc1.phx.aaaaaaaalvsg3okwkmdexyndsogogllkj5s5paaapod73kucntgezfodx2oa",
                            "name": "10.0.5.2:80",
                            "offline": "false",
                            "port": "80",
                            "state": "SUCCEEDED",
                            "weight": "1"
                        },
                        "meta": {
                            "e2bfb730-ecaa-11e6-8f88-34363bc7c4c0": {
                                "create": 900000000000,
                                "delete": 900000000000,
                                "update": 900000000000
                            }
                        },
                        "tainted": false
                    },
                    "deposed": [],
                    "provider": "provider.oci"
                },
                "oci_load_balancer_backend_set.lb_backend_set": {
                    "type": "oci_load_balancer_backend_set",
                    "depends_on": [
                        "oci_load_balancer.load_balancer"
                    ],
                    "primary": {
                        "id": "loadBalancers/ocid1.loadbalancer.oc1.phx.aaaaaaaalvsg3okwkmdexyndsogogllkj5s5paaapod73kucntgezfodx2oa/backendSets/web_dispatcher_backend",
                        "attributes": {
                            "backend.#": "0",
                            "health_checker.#": "1",
                            "health_checker.0.interval_ms": "30000",
                            "health_checker.0.port": "80",
                            "health_checker.0.protocol": "HTTP",
                            "health_checker.0.response_body_regex": ".*",
                            "health_checker.0.retries": "3",
                            "health_checker.0.return_code": "200",
                            "health_checker.0.timeout_in_millis": "3000",
                            "health_checker.0.url_path": "/",
                            "id": "loadBalancers/ocid1.loadbalancer.oc1.phx.aaaaaaaalvsg3okwkmdexyndsogogllkj5s5paaapod73kucntgezfodx2oa/backendSets/web_dispatcher_backend",
                            "load_balancer_id": "ocid1.loadbalancer.oc1.phx.aaaaaaaalvsg3okwkmdexyndsogogllkj5s5paaapod73kucntgezfodx2oa",
                            "name": "web_dispatcher_backend",
                            "policy": "ROUND_ROBIN",
                            "session_persistence_configuration.#": "0",
                            "ssl_configuration.#": "0",
                            "state": "SUCCEEDED"
                        },
                        "meta": {
                            "e2bfb730-ecaa-11e6-8f88-34363bc7c4c0": {
                                "create": 900000000000,
                                "delete": 900000000000,
                                "update": 900000000000
                            }
                        },
                        "tainted": false
                    },
                    "deposed": [],
                    "provider": "provider.oci"
                },
                "oci_load_balancer_listener.lb_listener": {
                    "type": "oci_load_balancer_listener",
                    "depends_on": [
                        "oci_load_balancer.load_balancer",
                        "oci_load_balancer_backend_set.lb_backend_set"
                    ],
                    "primary": {
                        "id": "loadBalancers/ocid1.loadbalancer.oc1.phx.aaaaaaaalvsg3okwkmdexyndsogogllkj5s5paaapod73kucntgezfodx2oa/listeners/lb_listener_sap",
                        "attributes": {
                            "connection_configuration.#": "1",
                            "connection_configuration.0.idle_timeout_in_seconds": "2",
                            "default_backend_set_name": "web_dispatcher_backend",
                            "hostname_names.#": "0",
                            "id": "loadBalancers/ocid1.loadbalancer.oc1.phx.aaaaaaaalvsg3okwkmdexyndsogogllkj5s5paaapod73kucntgezfodx2oa/listeners/lb_listener_sap",
                            "load_balancer_id": "ocid1.loadbalancer.oc1.phx.aaaaaaaalvsg3okwkmdexyndsogogllkj5s5paaapod73kucntgezfodx2oa",
                            "name": "lb_listener_sap",
                            "port": "80",
                            "protocol": "HTTP",
                            "rule_set_names.#": "0",
                            "ssl_configuration.#": "0",
                            "state": "SUCCEEDED"
                        },
                        "meta": {
                            "e2bfb730-ecaa-11e6-8f88-34363bc7c4c0": {
                                "create": 900000000000,
                                "delete": 900000000000,
                                "update": 900000000000
                            }
                        },
                        "tainted": false
                    },
                    "deposed": [],
                    "provider": "provider.oci"
                }
            },
            "depends_on": []
        }
    ]
}
